// !$*UTF8*$!
{
	archiveVersion = 1;
	classes = {
	};
	objectVersion = 46;
	objects = {

/* Begin PBXBuildFile section */
		04011D4B1CCDB03B00C4F6D4 /* loginViewController.m in Sources */ = {isa = PBXBuildFile; fileRef = 04011D4A1CCDB03B00C4F6D4 /* loginViewController.m */; };
		04011D4E1CCDEC9000C4F6D4 /* UIImage+Render.m in Sources */ = {isa = PBXBuildFile; fileRef = 04011D4D1CCDEC9000C4F6D4 /* UIImage+Render.m */; };
		04011D6C1CCDF13A00C4F6D4 /* MainPageViewController.m in Sources */ = {isa = PBXBuildFile; fileRef = 04011D6B1CCDF13A00C4F6D4 /* MainPageViewController.m */; };
		04011D6F1CCDF59200C4F6D4 /* animationScroll.m in Sources */ = {isa = PBXBuildFile; fileRef = 04011D6E1CCDF59200C4F6D4 /* animationScroll.m */; };
		0404E3241CF424D3003DE794 /* DetailBBSController.m in Sources */ = {isa = PBXBuildFile; fileRef = 0404E3231CF424D3003DE794 /* DetailBBSController.m */; };
		04060D8B1CF80C9400760301 /* settingViewController.m in Sources */ = {isa = PBXBuildFile; fileRef = 04060D8A1CF80C9400760301 /* settingViewController.m */; };
		040730E71C9118D300534773 /* JSKeyBoardView.m in Sources */ = {isa = PBXBuildFile; fileRef = 040730E61C9118D300534773 /* JSKeyBoardView.m */; };
		040730E91C91376C00534773 /* Podfile.lock in Resources */ = {isa = PBXBuildFile; fileRef = 040730E81C91376B00534773 /* Podfile.lock */; };
		040849181CF2EE41009C2BCA /* pageViewsController.m in Sources */ = {isa = PBXBuildFile; fileRef = 040849171CF2EE41009C2BCA /* pageViewsController.m */; };
		040F2C4E1C99588D00C5A929 /* StroopModel.m in Sources */ = {isa = PBXBuildFile; fileRef = 040F2C4D1C99588D00C5A929 /* StroopModel.m */; };
		04107E191CFE8016008A33D0 /* JSRefreshTableViewController.m in Sources */ = {isa = PBXBuildFile; fileRef = 04107E181CFE8016008A33D0 /* JSRefreshTableViewController.m */; };
		04107E2A1CFECB6A008A33D0 /* JSBBSBasicVC.m in Sources */ = {isa = PBXBuildFile; fileRef = 04107E291CFECB6A008A33D0 /* JSBBSBasicVC.m */; };
		0413BCBD1CEEA9550071A105 /* tableHeaderButtonView.m in Sources */ = {isa = PBXBuildFile; fileRef = 0413BCBC1CEEA9550071A105 /* tableHeaderButtonView.m */; };
		0413BCC01CEEED200071A105 /* JSBbsInfoModel.m in Sources */ = {isa = PBXBuildFile; fileRef = 0413BCBF1CEEED200071A105 /* JSBbsInfoModel.m */; };
		0413BCC31CEEF3760071A105 /* BBSInfoListCell.m in Sources */ = {isa = PBXBuildFile; fileRef = 0413BCC21CEEF3760071A105 /* BBSInfoListCell.m */; };
		041DA7971CBF710500626349 /* JSTestsList.m in Sources */ = {isa = PBXBuildFile; fileRef = 041DA7961CBF710500626349 /* JSTestsList.m */; };
		041F2DA41D011738007CFE79 /* ShowSegModel.m in Sources */ = {isa = PBXBuildFile; fileRef = 041F2DA31D011738007CFE79 /* ShowSegModel.m */; };
		041F2DA81D011E4B007CFE79 /* ShowSegCell.m in Sources */ = {isa = PBXBuildFile; fileRef = 041F2DA71D011E4B007CFE79 /* ShowSegCell.m */; };
		041F2DAD1D012DEA007CFE79 /* NSString+Bounding.m in Sources */ = {isa = PBXBuildFile; fileRef = 041F2DAC1D012DEA007CFE79 /* NSString+Bounding.m */; };
		041F2DB01D0136BA007CFE79 /* addSUGController.m in Sources */ = {isa = PBXBuildFile; fileRef = 041F2DAF1D0136BA007CFE79 /* addSUGController.m */; };
		041F2DB31D0154DB007CFE79 /* testBaseView.m in Sources */ = {isa = PBXBuildFile; fileRef = 041F2DB21D0154DB007CFE79 /* testBaseView.m */; };
		041F2DB61D016E56007CFE79 /* lunchViewController.m in Sources */ = {isa = PBXBuildFile; fileRef = 041F2DB51D016E56007CFE79 /* lunchViewController.m */; };
		041F2DB91D016F0B007CFE79 /* AppDelegate+lunchAnimation.m in Sources */ = {isa = PBXBuildFile; fileRef = 041F2DB81D016F0B007CFE79 /* AppDelegate+lunchAnimation.m */; };
		041FB97B1C86825A00F35659 /* JSLanguageAttentionTests.m in Sources */ = {isa = PBXBuildFile; fileRef = 041FB97A1C86825A00F35659 /* JSLanguageAttentionTests.m */; };
		0423B6A31CE309510018E753 /* MBProgressHUD+MJ.m in Sources */ = {isa = PBXBuildFile; fileRef = 0423B69C1CE309510018E753 /* MBProgressHUD+MJ.m */; };
		0423B6A41CE309510018E753 /* MBProgressHUD.bundle in Resources */ = {isa = PBXBuildFile; fileRef = 0423B69D1CE309510018E753 /* MBProgressHUD.bundle */; };
		0423B6A51CE309510018E753 /* MBProgressHUD.m in Sources */ = {isa = PBXBuildFile; fileRef = 0423B69F1CE309510018E753 /* MBProgressHUD.m */; };
		0423B6A61CE309510018E753 /* ZYQAssetPicker.Bundle in Resources */ = {isa = PBXBuildFile; fileRef = 0423B6A01CE309510018E753 /* ZYQAssetPicker.Bundle */; };
		0423B6A71CE309510018E753 /* ZYQAssetPickerController.m in Sources */ = {isa = PBXBuildFile; fileRef = 0423B6A21CE309510018E753 /* ZYQAssetPickerController.m */; };
		0423B6AA1CE30E8E0018E753 /* JSNewsModel.m in Sources */ = {isa = PBXBuildFile; fileRef = 0423B6A91CE30E8E0018E753 /* JSNewsModel.m */; };
		0423B6AD1CE31AF10018E753 /* NewsCell.m in Sources */ = {isa = PBXBuildFile; fileRef = 0423B6AC1CE31AF10018E753 /* NewsCell.m */; };
		0425DC901CC8A63300D022E3 /* normalShowLevelController.m in Sources */ = {isa = PBXBuildFile; fileRef = 0425DC8F1CC8A63300D022E3 /* normalShowLevelController.m */; };
		0425DC931CC8C2FF00D022E3 /* showLevelCell.m in Sources */ = {isa = PBXBuildFile; fileRef = 0425DC921CC8C2FF00D022E3 /* showLevelCell.m */; };
		042CE0E71CFC18F7009884A5 /* ShowPersonalBBSViewController.m in Sources */ = {isa = PBXBuildFile; fileRef = 042CE0E61CFC18F7009884A5 /* ShowPersonalBBSViewController.m */; };
		042CE0ED1CFC1DD0009884A5 /* ShowPersonnalBBSCell.m in Sources */ = {isa = PBXBuildFile; fileRef = 042CE0EC1CFC1DD0009884A5 /* ShowPersonnalBBSCell.m */; };
		042CE0F01CFC2B4B009884A5 /* searchPersonBBsModel.m in Sources */ = {isa = PBXBuildFile; fileRef = 042CE0EF1CFC2B4B009884A5 /* searchPersonBBsModel.m */; };
		0438855B1C90237300E1A3E9 /* diamondsXib.xib in Resources */ = {isa = PBXBuildFile; fileRef = 0438855A1C90237300E1A3E9 /* diamondsXib.xib */; };
		0438855E1C90251E00E1A3E9 /* SymbolAndDigit.m in Sources */ = {isa = PBXBuildFile; fileRef = 0438855D1C90251E00E1A3E9 /* SymbolAndDigit.m */; };
		043885611C9027E200E1A3E9 /* SymbolDigitsModel.m in Sources */ = {isa = PBXBuildFile; fileRef = 043885601C9027E200E1A3E9 /* SymbolDigitsModel.m */; };
		043FD7111CF5927600B48DFC /* sendBBSController.m in Sources */ = {isa = PBXBuildFile; fileRef = 043FD7101CF5927600B48DFC /* sendBBSController.m */; };
		043FD7141CF5962700B48DFC /* addCommentController.m in Sources */ = {isa = PBXBuildFile; fileRef = 043FD7131CF5962700B48DFC /* addCommentController.m */; };
		0456BBF01CE9649D005A22AE /* JSComentModel.m in Sources */ = {isa = PBXBuildFile; fileRef = 0456BBEF1CE9649D005A22AE /* JSComentModel.m */; };
		0456BBF51CE99056005A22AE /* inputCommentView.m in Sources */ = {isa = PBXBuildFile; fileRef = 0456BBF41CE99056005A22AE /* inputCommentView.m */; };
		045D9AD61CE4242800AE46E9 /* JSNewsFrameModel.m in Sources */ = {isa = PBXBuildFile; fileRef = 045D9AD51CE4242800AE46E9 /* JSNewsFrameModel.m */; };
		047041F31CEC4D2B00B37331 /* showLevelModel.m in Sources */ = {isa = PBXBuildFile; fileRef = 047041F21CEC4D2B00B37331 /* showLevelModel.m */; };
		047041F61CEC545900B37331 /* showLevelController.m in Sources */ = {isa = PBXBuildFile; fileRef = 047041F51CEC545900B37331 /* showLevelController.m */; };
		0475605E1CC7504F00CFD065 /* INetworking.m in Sources */ = {isa = PBXBuildFile; fileRef = 0475605D1CC7504F00CFD065 /* INetworking.m */; };
		047D08A01C8D69DA0092EAE4 /* JSFgClickTests.m in Sources */ = {isa = PBXBuildFile; fileRef = 047D089F1C8D69DA0092EAE4 /* JSFgClickTests.m */; };
		0480E82A1CFFD398007304F8 /* AppDelegate+NewVision.m in Sources */ = {isa = PBXBuildFile; fileRef = 0480E8291CFFD398007304F8 /* AppDelegate+NewVision.m */; };
		0480E82D1CFFDAB4007304F8 /* JSNewVisionViewControler.m in Sources */ = {isa = PBXBuildFile; fileRef = 0480E82C1CFFDAB4007304F8 /* JSNewVisionViewControler.m */; };
		0480E8331D000266007304F8 /* JSUserManager.m in Sources */ = {isa = PBXBuildFile; fileRef = 0480E8321D000266007304F8 /* JSUserManager.m */; };
		0480E8361D001224007304F8 /* TheRerunSgViewContoller.m in Sources */ = {isa = PBXBuildFile; fileRef = 0480E8351D001224007304F8 /* TheRerunSgViewContoller.m */; };
		0485BAE11CA50B620012CECD /* ShiftingAttentionTests.m in Sources */ = {isa = PBXBuildFile; fileRef = 0485BAE01CA50B620012CECD /* ShiftingAttentionTests.m */; };
		0485BAE41CA50B740012CECD /* ShiftingAttentionModel.m in Sources */ = {isa = PBXBuildFile; fileRef = 0485BAE31CA50B740012CECD /* ShiftingAttentionModel.m */; };
		04864B7A1C96B8D00035DAB1 /* StroopTests.m in Sources */ = {isa = PBXBuildFile; fileRef = 04864B791C96B8D00035DAB1 /* StroopTests.m */; };
		048D57611CF434C0009A16BB /* answerModel.m in Sources */ = {isa = PBXBuildFile; fileRef = 048D57601CF434C0009A16BB /* answerModel.m */; };
		048D57641CF4409A009A16BB /* detailInfoCell.m in Sources */ = {isa = PBXBuildFile; fileRef = 048D57631CF4409A009A16BB /* detailInfoCell.m */; };
		048D57671CF44616009A16BB /* detailBBSmodel.m in Sources */ = {isa = PBXBuildFile; fileRef = 048D57661CF44616009A16BB /* detailBBSmodel.m */; };
		04A273C71C882D4600B9FAE1 /* JSVisualAttentionTests.m in Sources */ = {isa = PBXBuildFile; fileRef = 04A273C61C882D4600B9FAE1 /* JSVisualAttentionTests.m */; };
		04A5DD051C8FF64800D31DB9 /* JSFgClickModel.m in Sources */ = {isa = PBXBuildFile; fileRef = 04A5DD041C8FF64800D31DB9 /* JSFgClickModel.m */; };
		04A5DD081C8FF85800D31DB9 /* SymbolDigitCodingTests.m in Sources */ = {isa = PBXBuildFile; fileRef = 04A5DD071C8FF85800D31DB9 /* SymbolDigitCodingTests.m */; };
		04A5DD0D1C90075E00D31DB9 /* DiamandsView.m in Sources */ = {isa = PBXBuildFile; fileRef = 04A5DD0C1C90075E00D31DB9 /* DiamandsView.m */; };
		04A70C631CEDAB5500B077D7 /* BBSControllerView.m in Sources */ = {isa = PBXBuildFile; fileRef = 04A70C621CEDAB5500B077D7 /* BBSControllerView.m */; };
		04A70C661CEDAB6900B077D7 /* profileViewController.m in Sources */ = {isa = PBXBuildFile; fileRef = 04A70C651CEDAB6900B077D7 /* profileViewController.m */; };
		04B0FECE1C8419540020D1A5 /* main.m in Sources */ = {isa = PBXBuildFile; fileRef = 04B0FECD1C8419540020D1A5 /* main.m */; };
		04B0FED91C8419540020D1A5 /* Assets.xcassets in Resources */ = {isa = PBXBuildFile; fileRef = 04B0FED81C8419540020D1A5 /* Assets.xcassets */; };
		04B0FEDC1C8419540020D1A5 /* LaunchScreen.storyboard in Resources */ = {isa = PBXBuildFile; fileRef = 04B0FEDA1C8419540020D1A5 /* LaunchScreen.storyboard */; };
		04B0FEE71C8419540020D1A5 /* CNSTests.m in Sources */ = {isa = PBXBuildFile; fileRef = 04B0FEE61C8419540020D1A5 /* CNSTests.m */; };
		04B0FEF21C8419540020D1A5 /* CNSUITests.m in Sources */ = {isa = PBXBuildFile; fileRef = 04B0FEF11C8419540020D1A5 /* CNSUITests.m */; };
		04B0FF021C841B1D0020D1A5 /* Default-568h@2x.png in Resources */ = {isa = PBXBuildFile; fileRef = 04B0FF011C841B1D0020D1A5 /* Default-568h@2x.png */; };
		04B0FF151C841C720020D1A5 /* NSDate+Extension.m in Sources */ = {isa = PBXBuildFile; fileRef = 04B0FF081C841C720020D1A5 /* NSDate+Extension.m */; };
		04B0FF161C841C720020D1A5 /* timerTool.m in Sources */ = {isa = PBXBuildFile; fileRef = 04B0FF0A1C841C720020D1A5 /* timerTool.m */; };
		04B0FF171C841C720020D1A5 /* UIBarButtonItem+Extension.m in Sources */ = {isa = PBXBuildFile; fileRef = 04B0FF0C1C841C720020D1A5 /* UIBarButtonItem+Extension.m */; };
		04B0FF181C841C720020D1A5 /* UIButton+Extension.m in Sources */ = {isa = PBXBuildFile; fileRef = 04B0FF0E1C841C720020D1A5 /* UIButton+Extension.m */; };
		04B0FF1A1C841C720020D1A5 /* UIView+Animated.m in Sources */ = {isa = PBXBuildFile; fileRef = 04B0FF121C841C720020D1A5 /* UIView+Animated.m */; };
		04B0FF1B1C841C720020D1A5 /* UIView+Frame.m in Sources */ = {isa = PBXBuildFile; fileRef = 04B0FF141C841C720020D1A5 /* UIView+Frame.m */; };
		04B0FF281C841DEE0020D1A5 /* FirstViewController.m in Sources */ = {isa = PBXBuildFile; fileRef = 04B0FF271C841DEE0020D1A5 /* FirstViewController.m */; };
		04B0FF391C8420610020D1A5 /* animationFlashLabel.m in Sources */ = {isa = PBXBuildFile; fileRef = 04B0FF2E1C8420610020D1A5 /* animationFlashLabel.m */; };
		04B0FF3A1C8420610020D1A5 /* eyeView.m in Sources */ = {isa = PBXBuildFile; fileRef = 04B0FF301C8420610020D1A5 /* eyeView.m */; };
		04B0FF3B1C8420610020D1A5 /* JSLoading.m in Sources */ = {isa = PBXBuildFile; fileRef = 04B0FF321C8420610020D1A5 /* JSLoading.m */; };
		04B0FF3C1C8420610020D1A5 /* JSLoadLayer.m in Sources */ = {isa = PBXBuildFile; fileRef = 04B0FF341C8420610020D1A5 /* JSLoadLayer.m */; };
		04B0FF3D1C8420610020D1A5 /* JSPresentBut.m in Sources */ = {isa = PBXBuildFile; fileRef = 04B0FF361C8420610020D1A5 /* JSPresentBut.m */; };
		04B0FF3E1C8420610020D1A5 /* JSWriteAnimationView.m in Sources */ = {isa = PBXBuildFile; fileRef = 04B0FF381C8420610020D1A5 /* JSWriteAnimationView.m */; };
		04CC90C91CAD02E2003D095C /* ContinuousPerformanceTests.m in Sources */ = {isa = PBXBuildFile; fileRef = 04CC90C81CAD02E2003D095C /* ContinuousPerformanceTests.m */; };
		04CE68101CEAAEA300D922A5 /* testPViewController.m in Sources */ = {isa = PBXBuildFile; fileRef = 04CE680F1CEAAEA300D922A5 /* testPViewController.m */; };
		04CE68161CEAB04300D922A5 /* buttonView.m in Sources */ = {isa = PBXBuildFile; fileRef = 04CE68151CEAB04300D922A5 /* buttonView.m */; };
		04CE68181CEAB05700D922A5 /* buttonView.xib in Resources */ = {isa = PBXBuildFile; fileRef = 04CE68171CEAB05700D922A5 /* buttonView.xib */; };
		04CE681B1CEAC6B000D922A5 /* ModuleCell.m in Sources */ = {isa = PBXBuildFile; fileRef = 04CE681A1CEAC6B000D922A5 /* ModuleCell.m */; };
		04CE681E1CEAC76900D922A5 /* ModuleChooseController.m in Sources */ = {isa = PBXBuildFile; fileRef = 04CE681D1CEAC76900D922A5 /* ModuleChooseController.m */; };
		04CE68211CEADEE100D922A5 /* UITableViewController+Extension.m in Sources */ = {isa = PBXBuildFile; fileRef = 04CE68201CEADEE100D922A5 /* UITableViewController+Extension.m */; };
		04CE68271CEAE71A00D922A5 /* TestRoomController.m in Sources */ = {isa = PBXBuildFile; fileRef = 04CE68261CEAE71A00D922A5 /* TestRoomController.m */; };
		04CE682D1CEB020400D922A5 /* questionModel.m in Sources */ = {isa = PBXBuildFile; fileRef = 04CE682C1CEB020400D922A5 /* questionModel.m */; };
		04CE68301CEB0B1800D922A5 /* questionTypeCell.m in Sources */ = {isa = PBXBuildFile; fileRef = 04CE682F1CEB0B1800D922A5 /* questionTypeCell.m */; };
		04CE68331CEB0F4700D922A5 /* starView.m in Sources */ = {isa = PBXBuildFile; fileRef = 04CE68321CEB0F4700D922A5 /* starView.m */; };
		04D095971CE4131200DD4011 /* newsDetailController.m in Sources */ = {isa = PBXBuildFile; fileRef = 04D095961CE4131200DD4011 /* newsDetailController.m */; };
		04D0959A1CE418AE00DD4011 /* newsDtailCell.m in Sources */ = {isa = PBXBuildFile; fileRef = 04D095991CE418AE00DD4011 /* newsDtailCell.m */; };
		04D0959D1CE4194400DD4011 /* commentCell.m in Sources */ = {isa = PBXBuildFile; fileRef = 04D0959C1CE4194400DD4011 /* commentCell.m */; };
		04E3291E1C86D60600843D08 /* JSLanguageAttentionModel.m in Sources */ = {isa = PBXBuildFile; fileRef = 04E3291D1C86D60600843D08 /* JSLanguageAttentionModel.m */; };
		04E6C3101C89552800A92300 /* AppDelegate.m in Sources */ = {isa = PBXBuildFile; fileRef = 04E6C30C1C89552800A92300 /* AppDelegate.m */; };
		04E6C3111C89552800A92300 /* JSTabBarController.m in Sources */ = {isa = PBXBuildFile; fileRef = 04E6C30E1C89552800A92300 /* JSTabBarController.m */; };
		04E6C3141C895DC300A92300 /* JSVisualAttentionModel.m in Sources */ = {isa = PBXBuildFile; fileRef = 04E6C3131C895DC300A92300 /* JSVisualAttentionModel.m */; };
		04E6C3161C89800100A92300 /* ImageName.plist in Resources */ = {isa = PBXBuildFile; fileRef = 04E6C3151C89800100A92300 /* ImageName.plist */; };
		95E97B8D9D3F02446DAEC54C /* libPods.a in Frameworks */ = {isa = PBXBuildFile; fileRef = 9EC3A7BDF7FF8EE799389403 /* libPods.a */; };
/* End PBXBuildFile section */

/* Begin PBXContainerItemProxy section */
		04B0FEE31C8419540020D1A5 /* PBXContainerItemProxy */ = {
			isa = PBXContainerItemProxy;
			containerPortal = 04B0FEC11C8419540020D1A5 /* Project object */;
			proxyType = 1;
			remoteGlobalIDString = 04B0FEC81C8419540020D1A5;
			remoteInfo = CNS;
		};
		04B0FEEE1C8419540020D1A5 /* PBXContainerItemProxy */ = {
			isa = PBXContainerItemProxy;
			containerPortal = 04B0FEC11C8419540020D1A5 /* Project object */;
			proxyType = 1;
			remoteGlobalIDString = 04B0FEC81C8419540020D1A5;
			remoteInfo = CNS;
		};
/* End PBXContainerItemProxy section */

/* Begin PBXFileReference section */
		04011D491CCDB03B00C4F6D4 /* loginViewController.h */ = {isa = PBXFileReference; fileEncoding = 4; lastKnownFileType = sourcecode.c.h; path = loginViewController.h; sourceTree = "<group>"; };
		04011D4A1CCDB03B00C4F6D4 /* loginViewController.m */ = {isa = PBXFileReference; fileEncoding = 4; lastKnownFileType = sourcecode.c.objc; path = loginViewController.m; sourceTree = "<group>"; };
		04011D4C1CCDEC9000C4F6D4 /* UIImage+Render.h */ = {isa = PBXFileReference; fileEncoding = 4; lastKnownFileType = sourcecode.c.h; path = "UIImage+Render.h"; sourceTree = "<group>"; };
		04011D4D1CCDEC9000C4F6D4 /* UIImage+Render.m */ = {isa = PBXFileReference; fileEncoding = 4; lastKnownFileType = sourcecode.c.objc; path = "UIImage+Render.m"; sourceTree = "<group>"; };
		04011D6A1CCDF13A00C4F6D4 /* MainPageViewController.h */ = {isa = PBXFileReference; fileEncoding = 4; lastKnownFileType = sourcecode.c.h; path = MainPageViewController.h; sourceTree = "<group>"; };
		04011D6B1CCDF13A00C4F6D4 /* MainPageViewController.m */ = {isa = PBXFileReference; fileEncoding = 4; lastKnownFileType = sourcecode.c.objc; path = MainPageViewController.m; sourceTree = "<group>"; };
		04011D6D1CCDF59200C4F6D4 /* animationScroll.h */ = {isa = PBXFileReference; fileEncoding = 4; lastKnownFileType = sourcecode.c.h; path = animationScroll.h; sourceTree = "<group>"; };
		04011D6E1CCDF59200C4F6D4 /* animationScroll.m */ = {isa = PBXFileReference; fileEncoding = 4; lastKnownFileType = sourcecode.c.objc; path = animationScroll.m; sourceTree = "<group>"; };
		0404E3221CF424D3003DE794 /* DetailBBSController.h */ = {isa = PBXFileReference; fileEncoding = 4; lastKnownFileType = sourcecode.c.h; path = DetailBBSController.h; sourceTree = "<group>"; };
		0404E3231CF424D3003DE794 /* DetailBBSController.m */ = {isa = PBXFileReference; fileEncoding = 4; lastKnownFileType = sourcecode.c.objc; path = DetailBBSController.m; sourceTree = "<group>"; };
		04060D891CF80C9400760301 /* settingViewController.h */ = {isa = PBXFileReference; fileEncoding = 4; lastKnownFileType = sourcecode.c.h; path = settingViewController.h; sourceTree = "<group>"; };
		04060D8A1CF80C9400760301 /* settingViewController.m */ = {isa = PBXFileReference; fileEncoding = 4; lastKnownFileType = sourcecode.c.objc; path = settingViewController.m; sourceTree = "<group>"; };
		040730E51C9118D300534773 /* JSKeyBoardView.h */ = {isa = PBXFileReference; fileEncoding = 4; lastKnownFileType = sourcecode.c.h; path = JSKeyBoardView.h; sourceTree = "<group>"; };
		040730E61C9118D300534773 /* JSKeyBoardView.m */ = {isa = PBXFileReference; fileEncoding = 4; lastKnownFileType = sourcecode.c.objc; path = JSKeyBoardView.m; sourceTree = "<group>"; };
		040730E81C91376B00534773 /* Podfile.lock */ = {isa = PBXFileReference; fileEncoding = 4; lastKnownFileType = text; path = Podfile.lock; sourceTree = "<group>"; };
		040849161CF2EE41009C2BCA /* pageViewsController.h */ = {isa = PBXFileReference; fileEncoding = 4; lastKnownFileType = sourcecode.c.h; path = pageViewsController.h; sourceTree = "<group>"; };
		040849171CF2EE41009C2BCA /* pageViewsController.m */ = {isa = PBXFileReference; fileEncoding = 4; lastKnownFileType = sourcecode.c.objc; path = pageViewsController.m; sourceTree = "<group>"; };
		040F2C4C1C99588D00C5A929 /* StroopModel.h */ = {isa = PBXFileReference; fileEncoding = 4; lastKnownFileType = sourcecode.c.h; path = StroopModel.h; sourceTree = "<group>"; };
		040F2C4D1C99588D00C5A929 /* StroopModel.m */ = {isa = PBXFileReference; fileEncoding = 4; lastKnownFileType = sourcecode.c.objc; path = StroopModel.m; sourceTree = "<group>"; };
		04107E171CFE8016008A33D0 /* JSRefreshTableViewController.h */ = {isa = PBXFileReference; fileEncoding = 4; lastKnownFileType = sourcecode.c.h; path = JSRefreshTableViewController.h; sourceTree = "<group>"; };
		04107E181CFE8016008A33D0 /* JSRefreshTableViewController.m */ = {isa = PBXFileReference; fileEncoding = 4; lastKnownFileType = sourcecode.c.objc; path = JSRefreshTableViewController.m; sourceTree = "<group>"; };
		04107E281CFECB6A008A33D0 /* JSBBSBasicVC.h */ = {isa = PBXFileReference; fileEncoding = 4; lastKnownFileType = sourcecode.c.h; path = JSBBSBasicVC.h; sourceTree = "<group>"; };
		04107E291CFECB6A008A33D0 /* JSBBSBasicVC.m */ = {isa = PBXFileReference; fileEncoding = 4; lastKnownFileType = sourcecode.c.objc; path = JSBBSBasicVC.m; sourceTree = "<group>"; };
		0413BCBB1CEEA9550071A105 /* tableHeaderButtonView.h */ = {isa = PBXFileReference; fileEncoding = 4; lastKnownFileType = sourcecode.c.h; path = tableHeaderButtonView.h; sourceTree = "<group>"; };
		0413BCBC1CEEA9550071A105 /* tableHeaderButtonView.m */ = {isa = PBXFileReference; fileEncoding = 4; lastKnownFileType = sourcecode.c.objc; path = tableHeaderButtonView.m; sourceTree = "<group>"; };
		0413BCBE1CEEED200071A105 /* JSBbsInfoModel.h */ = {isa = PBXFileReference; fileEncoding = 4; lastKnownFileType = sourcecode.c.h; path = JSBbsInfoModel.h; sourceTree = "<group>"; };
		0413BCBF1CEEED200071A105 /* JSBbsInfoModel.m */ = {isa = PBXFileReference; fileEncoding = 4; lastKnownFileType = sourcecode.c.objc; path = JSBbsInfoModel.m; sourceTree = "<group>"; };
		0413BCC11CEEF3760071A105 /* BBSInfoListCell.h */ = {isa = PBXFileReference; fileEncoding = 4; lastKnownFileType = sourcecode.c.h; path = BBSInfoListCell.h; sourceTree = "<group>"; };
		0413BCC21CEEF3760071A105 /* BBSInfoListCell.m */ = {isa = PBXFileReference; fileEncoding = 4; lastKnownFileType = sourcecode.c.objc; path = BBSInfoListCell.m; sourceTree = "<group>"; };
		041DA7951CBF710500626349 /* JSTestsList.h */ = {isa = PBXFileReference; fileEncoding = 4; lastKnownFileType = sourcecode.c.h; path = JSTestsList.h; sourceTree = "<group>"; };
		041DA7961CBF710500626349 /* JSTestsList.m */ = {isa = PBXFileReference; fileEncoding = 4; lastKnownFileType = sourcecode.c.objc; path = JSTestsList.m; sourceTree = "<group>"; };
		041F2DA21D011738007CFE79 /* ShowSegModel.h */ = {isa = PBXFileReference; fileEncoding = 4; lastKnownFileType = sourcecode.c.h; path = ShowSegModel.h; sourceTree = "<group>"; };
		041F2DA31D011738007CFE79 /* ShowSegModel.m */ = {isa = PBXFileReference; fileEncoding = 4; lastKnownFileType = sourcecode.c.objc; path = ShowSegModel.m; sourceTree = "<group>"; };
		041F2DA51D011D46007CFE79 /* JSModelCell.h */ = {isa = PBXFileReference; fileEncoding = 4; lastKnownFileType = sourcecode.c.h; path = JSModelCell.h; sourceTree = "<group>"; };
		041F2DA61D011E4B007CFE79 /* ShowSegCell.h */ = {isa = PBXFileReference; fileEncoding = 4; lastKnownFileType = sourcecode.c.h; path = ShowSegCell.h; sourceTree = "<group>"; };
		041F2DA71D011E4B007CFE79 /* ShowSegCell.m */ = {isa = PBXFileReference; fileEncoding = 4; lastKnownFileType = sourcecode.c.objc; path = ShowSegCell.m; sourceTree = "<group>"; };
		041F2DAB1D012DEA007CFE79 /* NSString+Bounding.h */ = {isa = PBXFileReference; fileEncoding = 4; lastKnownFileType = sourcecode.c.h; path = "NSString+Bounding.h"; sourceTree = "<group>"; };
		041F2DAC1D012DEA007CFE79 /* NSString+Bounding.m */ = {isa = PBXFileReference; fileEncoding = 4; lastKnownFileType = sourcecode.c.objc; path = "NSString+Bounding.m"; sourceTree = "<group>"; };
		041F2DAE1D0136BA007CFE79 /* addSUGController.h */ = {isa = PBXFileReference; fileEncoding = 4; lastKnownFileType = sourcecode.c.h; path = addSUGController.h; sourceTree = "<group>"; };
		041F2DAF1D0136BA007CFE79 /* addSUGController.m */ = {isa = PBXFileReference; fileEncoding = 4; lastKnownFileType = sourcecode.c.objc; path = addSUGController.m; sourceTree = "<group>"; };
		041F2DB11D0154DB007CFE79 /* testBaseView.h */ = {isa = PBXFileReference; fileEncoding = 4; lastKnownFileType = sourcecode.c.h; path = testBaseView.h; sourceTree = "<group>"; };
		041F2DB21D0154DB007CFE79 /* testBaseView.m */ = {isa = PBXFileReference; fileEncoding = 4; lastKnownFileType = sourcecode.c.objc; path = testBaseView.m; sourceTree = "<group>"; };
		041F2DB41D016E56007CFE79 /* lunchViewController.h */ = {isa = PBXFileReference; fileEncoding = 4; lastKnownFileType = sourcecode.c.h; path = lunchViewController.h; sourceTree = "<group>"; };
		041F2DB51D016E56007CFE79 /* lunchViewController.m */ = {isa = PBXFileReference; fileEncoding = 4; lastKnownFileType = sourcecode.c.objc; path = lunchViewController.m; sourceTree = "<group>"; };
		041F2DB71D016F0B007CFE79 /* AppDelegate+lunchAnimation.h */ = {isa = PBXFileReference; fileEncoding = 4; lastKnownFileType = sourcecode.c.h; path = "AppDelegate+lunchAnimation.h"; sourceTree = "<group>"; };
		041F2DB81D016F0B007CFE79 /* AppDelegate+lunchAnimation.m */ = {isa = PBXFileReference; fileEncoding = 4; lastKnownFileType = sourcecode.c.objc; path = "AppDelegate+lunchAnimation.m"; sourceTree = "<group>"; };
		041FB9791C86825A00F35659 /* JSLanguageAttentionTests.h */ = {isa = PBXFileReference; fileEncoding = 4; lastKnownFileType = sourcecode.c.h; path = JSLanguageAttentionTests.h; sourceTree = "<group>"; };
		041FB97A1C86825A00F35659 /* JSLanguageAttentionTests.m */ = {isa = PBXFileReference; fileEncoding = 4; lastKnownFileType = sourcecode.c.objc; path = JSLanguageAttentionTests.m; sourceTree = "<group>"; };
		0423B69B1CE309510018E753 /* MBProgressHUD+MJ.h */ = {isa = PBXFileReference; fileEncoding = 4; lastKnownFileType = sourcecode.c.h; path = "MBProgressHUD+MJ.h"; sourceTree = "<group>"; };
		0423B69C1CE309510018E753 /* MBProgressHUD+MJ.m */ = {isa = PBXFileReference; fileEncoding = 4; lastKnownFileType = sourcecode.c.objc; path = "MBProgressHUD+MJ.m"; sourceTree = "<group>"; };
		0423B69D1CE309510018E753 /* MBProgressHUD.bundle */ = {isa = PBXFileReference; lastKnownFileType = "wrapper.plug-in"; path = MBProgressHUD.bundle; sourceTree = "<group>"; };
		0423B69E1CE309510018E753 /* MBProgressHUD.h */ = {isa = PBXFileReference; fileEncoding = 4; lastKnownFileType = sourcecode.c.h; path = MBProgressHUD.h; sourceTree = "<group>"; };
		0423B69F1CE309510018E753 /* MBProgressHUD.m */ = {isa = PBXFileReference; fileEncoding = 4; lastKnownFileType = sourcecode.c.objc; path = MBProgressHUD.m; sourceTree = "<group>"; };
		0423B6A01CE309510018E753 /* ZYQAssetPicker.Bundle */ = {isa = PBXFileReference; lastKnownFileType = "wrapper.plug-in"; path = ZYQAssetPicker.Bundle; sourceTree = "<group>"; };
		0423B6A11CE309510018E753 /* ZYQAssetPickerController.h */ = {isa = PBXFileReference; fileEncoding = 4; lastKnownFileType = sourcecode.c.h; path = ZYQAssetPickerController.h; sourceTree = "<group>"; };
		0423B6A21CE309510018E753 /* ZYQAssetPickerController.m */ = {isa = PBXFileReference; fileEncoding = 4; lastKnownFileType = sourcecode.c.objc; path = ZYQAssetPickerController.m; sourceTree = "<group>"; };
		0423B6A81CE30E8E0018E753 /* JSNewsModel.h */ = {isa = PBXFileReference; fileEncoding = 4; lastKnownFileType = sourcecode.c.h; path = JSNewsModel.h; sourceTree = "<group>"; };
		0423B6A91CE30E8E0018E753 /* JSNewsModel.m */ = {isa = PBXFileReference; fileEncoding = 4; lastKnownFileType = sourcecode.c.objc; path = JSNewsModel.m; sourceTree = "<group>"; };
		0423B6AB1CE31AF10018E753 /* NewsCell.h */ = {isa = PBXFileReference; fileEncoding = 4; lastKnownFileType = sourcecode.c.h; path = NewsCell.h; sourceTree = "<group>"; };
		0423B6AC1CE31AF10018E753 /* NewsCell.m */ = {isa = PBXFileReference; fileEncoding = 4; lastKnownFileType = sourcecode.c.objc; path = NewsCell.m; sourceTree = "<group>"; };
		0425DC8E1CC8A63300D022E3 /* normalShowLevelController.h */ = {isa = PBXFileReference; fileEncoding = 4; lastKnownFileType = sourcecode.c.h; name = normalShowLevelController.h; path = ../../MainController/normalShowLevelController.h; sourceTree = "<group>"; };
		0425DC8F1CC8A63300D022E3 /* normalShowLevelController.m */ = {isa = PBXFileReference; fileEncoding = 4; lastKnownFileType = sourcecode.c.objc; name = normalShowLevelController.m; path = ../../MainController/normalShowLevelController.m; sourceTree = "<group>"; };
		0425DC911CC8C2FF00D022E3 /* showLevelCell.h */ = {isa = PBXFileReference; fileEncoding = 4; lastKnownFileType = sourcecode.c.h; name = showLevelCell.h; path = ../../MainController/showLevelCell.h; sourceTree = "<group>"; };
		0425DC921CC8C2FF00D022E3 /* showLevelCell.m */ = {isa = PBXFileReference; fileEncoding = 4; lastKnownFileType = sourcecode.c.objc; name = showLevelCell.m; path = ../../MainController/showLevelCell.m; sourceTree = "<group>"; };
		042CE0E51CFC18F7009884A5 /* ShowPersonalBBSViewController.h */ = {isa = PBXFileReference; fileEncoding = 4; lastKnownFileType = sourcecode.c.h; path = ShowPersonalBBSViewController.h; sourceTree = "<group>"; };
		042CE0E61CFC18F7009884A5 /* ShowPersonalBBSViewController.m */ = {isa = PBXFileReference; fileEncoding = 4; lastKnownFileType = sourcecode.c.objc; path = ShowPersonalBBSViewController.m; sourceTree = "<group>"; };
		042CE0EB1CFC1DD0009884A5 /* ShowPersonnalBBSCell.h */ = {isa = PBXFileReference; fileEncoding = 4; lastKnownFileType = sourcecode.c.h; path = ShowPersonnalBBSCell.h; sourceTree = "<group>"; };
		042CE0EC1CFC1DD0009884A5 /* ShowPersonnalBBSCell.m */ = {isa = PBXFileReference; fileEncoding = 4; lastKnownFileType = sourcecode.c.objc; path = ShowPersonnalBBSCell.m; sourceTree = "<group>"; };
		042CE0EE1CFC2B4B009884A5 /* searchPersonBBsModel.h */ = {isa = PBXFileReference; fileEncoding = 4; lastKnownFileType = sourcecode.c.h; path = searchPersonBBsModel.h; sourceTree = "<group>"; };
		042CE0EF1CFC2B4B009884A5 /* searchPersonBBsModel.m */ = {isa = PBXFileReference; fileEncoding = 4; lastKnownFileType = sourcecode.c.objc; path = searchPersonBBsModel.m; sourceTree = "<group>"; };
		0438855A1C90237300E1A3E9 /* diamondsXib.xib */ = {isa = PBXFileReference; fileEncoding = 4; lastKnownFileType = file.xib; path = diamondsXib.xib; sourceTree = "<group>"; };
		0438855C1C90251E00E1A3E9 /* SymbolAndDigit.h */ = {isa = PBXFileReference; fileEncoding = 4; lastKnownFileType = sourcecode.c.h; path = SymbolAndDigit.h; sourceTree = "<group>"; };
		0438855D1C90251E00E1A3E9 /* SymbolAndDigit.m */ = {isa = PBXFileReference; fileEncoding = 4; lastKnownFileType = sourcecode.c.objc; path = SymbolAndDigit.m; sourceTree = "<group>"; };
		0438855F1C9027E200E1A3E9 /* SymbolDigitsModel.h */ = {isa = PBXFileReference; fileEncoding = 4; lastKnownFileType = sourcecode.c.h; path = SymbolDigitsModel.h; sourceTree = "<group>"; };
		043885601C9027E200E1A3E9 /* SymbolDigitsModel.m */ = {isa = PBXFileReference; fileEncoding = 4; lastKnownFileType = sourcecode.c.objc; path = SymbolDigitsModel.m; sourceTree = "<group>"; };
		043FD70F1CF5927600B48DFC /* sendBBSController.h */ = {isa = PBXFileReference; fileEncoding = 4; lastKnownFileType = sourcecode.c.h; path = sendBBSController.h; sourceTree = "<group>"; };
		043FD7101CF5927600B48DFC /* sendBBSController.m */ = {isa = PBXFileReference; fileEncoding = 4; lastKnownFileType = sourcecode.c.objc; path = sendBBSController.m; sourceTree = "<group>"; };
		043FD7121CF5962700B48DFC /* addCommentController.h */ = {isa = PBXFileReference; fileEncoding = 4; lastKnownFileType = sourcecode.c.h; path = addCommentController.h; sourceTree = "<group>"; };
		043FD7131CF5962700B48DFC /* addCommentController.m */ = {isa = PBXFileReference; fileEncoding = 4; lastKnownFileType = sourcecode.c.objc; path = addCommentController.m; sourceTree = "<group>"; };
		0456BBEE1CE9649D005A22AE /* JSComentModel.h */ = {isa = PBXFileReference; fileEncoding = 4; lastKnownFileType = sourcecode.c.h; path = JSComentModel.h; sourceTree = "<group>"; };
		0456BBEF1CE9649D005A22AE /* JSComentModel.m */ = {isa = PBXFileReference; fileEncoding = 4; lastKnownFileType = sourcecode.c.objc; path = JSComentModel.m; sourceTree = "<group>"; };
		0456BBF31CE99056005A22AE /* inputCommentView.h */ = {isa = PBXFileReference; fileEncoding = 4; lastKnownFileType = sourcecode.c.h; path = inputCommentView.h; sourceTree = "<group>"; };
		0456BBF41CE99056005A22AE /* inputCommentView.m */ = {isa = PBXFileReference; fileEncoding = 4; lastKnownFileType = sourcecode.c.objc; path = inputCommentView.m; sourceTree = "<group>"; };
		045D9AD41CE4242800AE46E9 /* JSNewsFrameModel.h */ = {isa = PBXFileReference; fileEncoding = 4; lastKnownFileType = sourcecode.c.h; path = JSNewsFrameModel.h; sourceTree = "<group>"; };
		045D9AD51CE4242800AE46E9 /* JSNewsFrameModel.m */ = {isa = PBXFileReference; fileEncoding = 4; lastKnownFileType = sourcecode.c.objc; path = JSNewsFrameModel.m; sourceTree = "<group>"; };
		047041F11CEC4D2B00B37331 /* showLevelModel.h */ = {isa = PBXFileReference; fileEncoding = 4; lastKnownFileType = sourcecode.c.h; path = showLevelModel.h; sourceTree = "<group>"; };
		047041F21CEC4D2B00B37331 /* showLevelModel.m */ = {isa = PBXFileReference; fileEncoding = 4; lastKnownFileType = sourcecode.c.objc; path = showLevelModel.m; sourceTree = "<group>"; };
		047041F41CEC545900B37331 /* showLevelController.h */ = {isa = PBXFileReference; fileEncoding = 4; lastKnownFileType = sourcecode.c.h; path = showLevelController.h; sourceTree = "<group>"; };
		047041F51CEC545900B37331 /* showLevelController.m */ = {isa = PBXFileReference; fileEncoding = 4; lastKnownFileType = sourcecode.c.objc; path = showLevelController.m; sourceTree = "<group>"; };
		0475605C1CC7504F00CFD065 /* INetworking.h */ = {isa = PBXFileReference; fileEncoding = 4; lastKnownFileType = sourcecode.c.h; path = INetworking.h; sourceTree = "<group>"; };
		0475605D1CC7504F00CFD065 /* INetworking.m */ = {isa = PBXFileReference; fileEncoding = 4; lastKnownFileType = sourcecode.c.objc; path = INetworking.m; sourceTree = "<group>"; };
		047D089E1C8D69DA0092EAE4 /* JSFgClickTests.h */ = {isa = PBXFileReference; fileEncoding = 4; lastKnownFileType = sourcecode.c.h; path = JSFgClickTests.h; sourceTree = "<group>"; };
		047D089F1C8D69DA0092EAE4 /* JSFgClickTests.m */ = {isa = PBXFileReference; fileEncoding = 4; lastKnownFileType = sourcecode.c.objc; path = JSFgClickTests.m; sourceTree = "<group>"; };
		0480E8281CFFD398007304F8 /* AppDelegate+NewVision.h */ = {isa = PBXFileReference; fileEncoding = 4; lastKnownFileType = sourcecode.c.h; path = "AppDelegate+NewVision.h"; sourceTree = "<group>"; };
		0480E8291CFFD398007304F8 /* AppDelegate+NewVision.m */ = {isa = PBXFileReference; fileEncoding = 4; lastKnownFileType = sourcecode.c.objc; path = "AppDelegate+NewVision.m"; sourceTree = "<group>"; };
		0480E82B1CFFDAB4007304F8 /* JSNewVisionViewControler.h */ = {isa = PBXFileReference; fileEncoding = 4; lastKnownFileType = sourcecode.c.h; path = JSNewVisionViewControler.h; sourceTree = "<group>"; };
		0480E82C1CFFDAB4007304F8 /* JSNewVisionViewControler.m */ = {isa = PBXFileReference; fileEncoding = 4; lastKnownFileType = sourcecode.c.objc; path = JSNewVisionViewControler.m; sourceTree = "<group>"; };
		0480E8311D000266007304F8 /* JSUserManager.h */ = {isa = PBXFileReference; fileEncoding = 4; lastKnownFileType = sourcecode.c.h; path = JSUserManager.h; sourceTree = "<group>"; };
		0480E8321D000266007304F8 /* JSUserManager.m */ = {isa = PBXFileReference; fileEncoding = 4; lastKnownFileType = sourcecode.c.objc; path = JSUserManager.m; sourceTree = "<group>"; };
		0480E8341D001224007304F8 /* TheRerunSgViewContoller.h */ = {isa = PBXFileReference; fileEncoding = 4; lastKnownFileType = sourcecode.c.h; path = TheRerunSgViewContoller.h; sourceTree = "<group>"; };
		0480E8351D001224007304F8 /* TheRerunSgViewContoller.m */ = {isa = PBXFileReference; fileEncoding = 4; lastKnownFileType = sourcecode.c.objc; path = TheRerunSgViewContoller.m; sourceTree = "<group>"; };
		0485BADF1CA50B620012CECD /* ShiftingAttentionTests.h */ = {isa = PBXFileReference; fileEncoding = 4; lastKnownFileType = sourcecode.c.h; name = ShiftingAttentionTests.h; path = "../../CPT-持续注意力测试/view/ShiftingAttentionTests.h"; sourceTree = "<group>"; };
		0485BAE01CA50B620012CECD /* ShiftingAttentionTests.m */ = {isa = PBXFileReference; fileEncoding = 4; lastKnownFileType = sourcecode.c.objc; name = ShiftingAttentionTests.m; path = "../../CPT-持续注意力测试/view/ShiftingAttentionTests.m"; sourceTree = "<group>"; };
		0485BAE21CA50B740012CECD /* ShiftingAttentionModel.h */ = {isa = PBXFileReference; fileEncoding = 4; lastKnownFileType = sourcecode.c.h; name = ShiftingAttentionModel.h; path = "../../CPT-持续注意力测试/model/ShiftingAttentionModel.h"; sourceTree = "<group>"; };
		0485BAE31CA50B740012CECD /* ShiftingAttentionModel.m */ = {isa = PBXFileReference; fileEncoding = 4; lastKnownFileType = sourcecode.c.objc; name = ShiftingAttentionModel.m; path = "../../CPT-持续注意力测试/model/ShiftingAttentionModel.m"; sourceTree = "<group>"; };
		04864B781C96B8D00035DAB1 /* StroopTests.h */ = {isa = PBXFileReference; fileEncoding = 4; lastKnownFileType = sourcecode.c.h; path = StroopTests.h; sourceTree = "<group>"; };
		04864B791C96B8D00035DAB1 /* StroopTests.m */ = {isa = PBXFileReference; fileEncoding = 4; lastKnownFileType = sourcecode.c.objc; path = StroopTests.m; sourceTree = "<group>"; };
		048D575F1CF434C0009A16BB /* answerModel.h */ = {isa = PBXFileReference; fileEncoding = 4; lastKnownFileType = sourcecode.c.h; path = answerModel.h; sourceTree = "<group>"; };
		048D57601CF434C0009A16BB /* answerModel.m */ = {isa = PBXFileReference; fileEncoding = 4; lastKnownFileType = sourcecode.c.objc; path = answerModel.m; sourceTree = "<group>"; };
		048D57621CF4409A009A16BB /* detailInfoCell.h */ = {isa = PBXFileReference; fileEncoding = 4; lastKnownFileType = sourcecode.c.h; path = detailInfoCell.h; sourceTree = "<group>"; };
		048D57631CF4409A009A16BB /* detailInfoCell.m */ = {isa = PBXFileReference; fileEncoding = 4; lastKnownFileType = sourcecode.c.objc; path = detailInfoCell.m; sourceTree = "<group>"; };
		048D57651CF44616009A16BB /* detailBBSmodel.h */ = {isa = PBXFileReference; fileEncoding = 4; lastKnownFileType = sourcecode.c.h; path = detailBBSmodel.h; sourceTree = "<group>"; };
		048D57661CF44616009A16BB /* detailBBSmodel.m */ = {isa = PBXFileReference; fileEncoding = 4; lastKnownFileType = sourcecode.c.objc; path = detailBBSmodel.m; sourceTree = "<group>"; };
		04A273C51C882D4600B9FAE1 /* JSVisualAttentionTests.h */ = {isa = PBXFileReference; fileEncoding = 4; lastKnownFileType = sourcecode.c.h; path = JSVisualAttentionTests.h; sourceTree = "<group>"; };
		04A273C61C882D4600B9FAE1 /* JSVisualAttentionTests.m */ = {isa = PBXFileReference; fileEncoding = 4; lastKnownFileType = sourcecode.c.objc; path = JSVisualAttentionTests.m; sourceTree = "<group>"; };
		04A5DD031C8FF64800D31DB9 /* JSFgClickModel.h */ = {isa = PBXFileReference; fileEncoding = 4; lastKnownFileType = sourcecode.c.h; path = JSFgClickModel.h; sourceTree = "<group>"; };
		04A5DD041C8FF64800D31DB9 /* JSFgClickModel.m */ = {isa = PBXFileReference; fileEncoding = 4; lastKnownFileType = sourcecode.c.objc; path = JSFgClickModel.m; sourceTree = "<group>"; };
		04A5DD061C8FF85800D31DB9 /* SymbolDigitCodingTests.h */ = {isa = PBXFileReference; fileEncoding = 4; lastKnownFileType = sourcecode.c.h; path = SymbolDigitCodingTests.h; sourceTree = "<group>"; };
		04A5DD071C8FF85800D31DB9 /* SymbolDigitCodingTests.m */ = {isa = PBXFileReference; fileEncoding = 4; lastKnownFileType = sourcecode.c.objc; path = SymbolDigitCodingTests.m; sourceTree = "<group>"; };
		04A5DD0B1C90075E00D31DB9 /* DiamandsView.h */ = {isa = PBXFileReference; fileEncoding = 4; lastKnownFileType = sourcecode.c.h; path = DiamandsView.h; sourceTree = "<group>"; };
		04A5DD0C1C90075E00D31DB9 /* DiamandsView.m */ = {isa = PBXFileReference; fileEncoding = 4; lastKnownFileType = sourcecode.c.objc; path = DiamandsView.m; sourceTree = "<group>"; };
		04A70C611CEDAB5500B077D7 /* BBSControllerView.h */ = {isa = PBXFileReference; fileEncoding = 4; lastKnownFileType = sourcecode.c.h; path = BBSControllerView.h; sourceTree = "<group>"; };
		04A70C621CEDAB5500B077D7 /* BBSControllerView.m */ = {isa = PBXFileReference; fileEncoding = 4; lastKnownFileType = sourcecode.c.objc; path = BBSControllerView.m; sourceTree = "<group>"; };
		04A70C641CEDAB6900B077D7 /* profileViewController.h */ = {isa = PBXFileReference; fileEncoding = 4; lastKnownFileType = sourcecode.c.h; path = profileViewController.h; sourceTree = "<group>"; };
		04A70C651CEDAB6900B077D7 /* profileViewController.m */ = {isa = PBXFileReference; fileEncoding = 4; lastKnownFileType = sourcecode.c.objc; path = profileViewController.m; sourceTree = "<group>"; };
		04B0FEC91C8419540020D1A5 /* CNS.app */ = {isa = PBXFileReference; explicitFileType = wrapper.application; includeInIndex = 0; path = CNS.app; sourceTree = BUILT_PRODUCTS_DIR; };
		04B0FECD1C8419540020D1A5 /* main.m */ = {isa = PBXFileReference; lastKnownFileType = sourcecode.c.objc; path = main.m; sourceTree = "<group>"; };
		04B0FED81C8419540020D1A5 /* Assets.xcassets */ = {isa = PBXFileReference; lastKnownFileType = folder.assetcatalog; path = Assets.xcassets; sourceTree = "<group>"; };
		04B0FEDB1C8419540020D1A5 /* Base */ = {isa = PBXFileReference; lastKnownFileType = file.storyboard; name = Base; path = Base.lproj/LaunchScreen.storyboard; sourceTree = "<group>"; };
		04B0FEDD1C8419540020D1A5 /* Info.plist */ = {isa = PBXFileReference; lastKnownFileType = text.plist.xml; path = Info.plist; sourceTree = "<group>"; };
		04B0FEE21C8419540020D1A5 /* CNSTests.xctest */ = {isa = PBXFileReference; explicitFileType = wrapper.cfbundle; includeInIndex = 0; path = CNSTests.xctest; sourceTree = BUILT_PRODUCTS_DIR; };
		04B0FEE61C8419540020D1A5 /* CNSTests.m */ = {isa = PBXFileReference; lastKnownFileType = sourcecode.c.objc; path = CNSTests.m; sourceTree = "<group>"; };
		04B0FEE81C8419540020D1A5 /* Info.plist */ = {isa = PBXFileReference; lastKnownFileType = text.plist.xml; path = Info.plist; sourceTree = "<group>"; };
		04B0FEED1C8419540020D1A5 /* CNSUITests.xctest */ = {isa = PBXFileReference; explicitFileType = wrapper.cfbundle; includeInIndex = 0; path = CNSUITests.xctest; sourceTree = BUILT_PRODUCTS_DIR; };
		04B0FEF11C8419540020D1A5 /* CNSUITests.m */ = {isa = PBXFileReference; lastKnownFileType = sourcecode.c.objc; path = CNSUITests.m; sourceTree = "<group>"; };
		04B0FEF31C8419540020D1A5 /* Info.plist */ = {isa = PBXFileReference; lastKnownFileType = text.plist.xml; path = Info.plist; sourceTree = "<group>"; };
		04B0FF011C841B1D0020D1A5 /* Default-568h@2x.png */ = {isa = PBXFileReference; lastKnownFileType = image.png; path = "Default-568h@2x.png"; sourceTree = "<group>"; };
		04B0FF071C841C720020D1A5 /* NSDate+Extension.h */ = {isa = PBXFileReference; fileEncoding = 4; lastKnownFileType = sourcecode.c.h; path = "NSDate+Extension.h"; sourceTree = "<group>"; };
		04B0FF081C841C720020D1A5 /* NSDate+Extension.m */ = {isa = PBXFileReference; fileEncoding = 4; lastKnownFileType = sourcecode.c.objc; path = "NSDate+Extension.m"; sourceTree = "<group>"; };
		04B0FF091C841C720020D1A5 /* timerTool.h */ = {isa = PBXFileReference; fileEncoding = 4; lastKnownFileType = sourcecode.c.h; path = timerTool.h; sourceTree = "<group>"; };
		04B0FF0A1C841C720020D1A5 /* timerTool.m */ = {isa = PBXFileReference; fileEncoding = 4; lastKnownFileType = sourcecode.c.objc; path = timerTool.m; sourceTree = "<group>"; };
		04B0FF0B1C841C720020D1A5 /* UIBarButtonItem+Extension.h */ = {isa = PBXFileReference; fileEncoding = 4; lastKnownFileType = sourcecode.c.h; path = "UIBarButtonItem+Extension.h"; sourceTree = "<group>"; };
		04B0FF0C1C841C720020D1A5 /* UIBarButtonItem+Extension.m */ = {isa = PBXFileReference; fileEncoding = 4; lastKnownFileType = sourcecode.c.objc; path = "UIBarButtonItem+Extension.m"; sourceTree = "<group>"; };
		04B0FF0D1C841C720020D1A5 /* UIButton+Extension.h */ = {isa = PBXFileReference; fileEncoding = 4; lastKnownFileType = sourcecode.c.h; path = "UIButton+Extension.h"; sourceTree = "<group>"; };
		04B0FF0E1C841C720020D1A5 /* UIButton+Extension.m */ = {isa = PBXFileReference; fileEncoding = 4; lastKnownFileType = sourcecode.c.objc; path = "UIButton+Extension.m"; sourceTree = "<group>"; };
		04B0FF0F1C841C720020D1A5 /* UIImage+Render.h */ = {isa = PBXFileReference; fileEncoding = 4; lastKnownFileType = sourcecode.c.h; path = "UIImage+Render.h"; sourceTree = "<group>"; };
		04B0FF101C841C720020D1A5 /* UIImage+Render.m */ = {isa = PBXFileReference; fileEncoding = 4; lastKnownFileType = sourcecode.c.objc; path = "UIImage+Render.m"; sourceTree = "<group>"; };
		04B0FF111C841C720020D1A5 /* UIView+Animated.h */ = {isa = PBXFileReference; fileEncoding = 4; lastKnownFileType = sourcecode.c.h; path = "UIView+Animated.h"; sourceTree = "<group>"; };
		04B0FF121C841C720020D1A5 /* UIView+Animated.m */ = {isa = PBXFileReference; fileEncoding = 4; lastKnownFileType = sourcecode.c.objc; path = "UIView+Animated.m"; sourceTree = "<group>"; };
		04B0FF131C841C720020D1A5 /* UIView+Frame.h */ = {isa = PBXFileReference; fileEncoding = 4; lastKnownFileType = sourcecode.c.h; path = "UIView+Frame.h"; sourceTree = "<group>"; };
		04B0FF141C841C720020D1A5 /* UIView+Frame.m */ = {isa = PBXFileReference; fileEncoding = 4; lastKnownFileType = sourcecode.c.objc; path = "UIView+Frame.m"; sourceTree = "<group>"; usesTabs = 0; };
		04B0FF261C841DEE0020D1A5 /* FirstViewController.h */ = {isa = PBXFileReference; fileEncoding = 4; lastKnownFileType = sourcecode.c.h; name = FirstViewController.h; path = ../../MainController/FirstViewController.h; sourceTree = "<group>"; };
		04B0FF271C841DEE0020D1A5 /* FirstViewController.m */ = {isa = PBXFileReference; fileEncoding = 4; lastKnownFileType = sourcecode.c.objc; name = FirstViewController.m; path = ../../MainController/FirstViewController.m; sourceTree = "<group>"; };
		04B0FF2D1C8420610020D1A5 /* animationFlashLabel.h */ = {isa = PBXFileReference; fileEncoding = 4; lastKnownFileType = sourcecode.c.h; path = animationFlashLabel.h; sourceTree = "<group>"; };
		04B0FF2E1C8420610020D1A5 /* animationFlashLabel.m */ = {isa = PBXFileReference; fileEncoding = 4; lastKnownFileType = sourcecode.c.objc; path = animationFlashLabel.m; sourceTree = "<group>"; };
		04B0FF2F1C8420610020D1A5 /* eyeView.h */ = {isa = PBXFileReference; fileEncoding = 4; lastKnownFileType = sourcecode.c.h; path = eyeView.h; sourceTree = "<group>"; };
		04B0FF301C8420610020D1A5 /* eyeView.m */ = {isa = PBXFileReference; fileEncoding = 4; lastKnownFileType = sourcecode.c.objc; path = eyeView.m; sourceTree = "<group>"; };
		04B0FF311C8420610020D1A5 /* JSLoading.h */ = {isa = PBXFileReference; fileEncoding = 4; lastKnownFileType = sourcecode.c.h; path = JSLoading.h; sourceTree = "<group>"; };
		04B0FF321C8420610020D1A5 /* JSLoading.m */ = {isa = PBXFileReference; fileEncoding = 4; lastKnownFileType = sourcecode.c.objc; path = JSLoading.m; sourceTree = "<group>"; };
		04B0FF331C8420610020D1A5 /* JSLoadLayer.h */ = {isa = PBXFileReference; fileEncoding = 4; lastKnownFileType = sourcecode.c.h; path = JSLoadLayer.h; sourceTree = "<group>"; };
		04B0FF341C8420610020D1A5 /* JSLoadLayer.m */ = {isa = PBXFileReference; fileEncoding = 4; lastKnownFileType = sourcecode.c.objc; path = JSLoadLayer.m; sourceTree = "<group>"; };
		04B0FF351C8420610020D1A5 /* JSPresentBut.h */ = {isa = PBXFileReference; fileEncoding = 4; lastKnownFileType = sourcecode.c.h; path = JSPresentBut.h; sourceTree = "<group>"; };
		04B0FF361C8420610020D1A5 /* JSPresentBut.m */ = {isa = PBXFileReference; fileEncoding = 4; lastKnownFileType = sourcecode.c.objc; path = JSPresentBut.m; sourceTree = "<group>"; };
		04B0FF371C8420610020D1A5 /* JSWriteAnimationView.h */ = {isa = PBXFileReference; fileEncoding = 4; lastKnownFileType = sourcecode.c.h; path = JSWriteAnimationView.h; sourceTree = "<group>"; };
		04B0FF381C8420610020D1A5 /* JSWriteAnimationView.m */ = {isa = PBXFileReference; fileEncoding = 4; lastKnownFileType = sourcecode.c.objc; path = JSWriteAnimationView.m; sourceTree = "<group>"; };
		04CC90C71CAD02E2003D095C /* ContinuousPerformanceTests.h */ = {isa = PBXFileReference; fileEncoding = 4; lastKnownFileType = sourcecode.c.h; path = ContinuousPerformanceTests.h; sourceTree = "<group>"; };
		04CC90C81CAD02E2003D095C /* ContinuousPerformanceTests.m */ = {isa = PBXFileReference; fileEncoding = 4; lastKnownFileType = sourcecode.c.objc; path = ContinuousPerformanceTests.m; sourceTree = "<group>"; };
		04CE680E1CEAAEA300D922A5 /* testPViewController.h */ = {isa = PBXFileReference; fileEncoding = 4; lastKnownFileType = sourcecode.c.h; path = testPViewController.h; sourceTree = "<group>"; };
		04CE680F1CEAAEA300D922A5 /* testPViewController.m */ = {isa = PBXFileReference; fileEncoding = 4; lastKnownFileType = sourcecode.c.objc; path = testPViewController.m; sourceTree = "<group>"; };
		04CE68141CEAB04300D922A5 /* buttonView.h */ = {isa = PBXFileReference; fileEncoding = 4; lastKnownFileType = sourcecode.c.h; path = buttonView.h; sourceTree = "<group>"; };
		04CE68151CEAB04300D922A5 /* buttonView.m */ = {isa = PBXFileReference; fileEncoding = 4; lastKnownFileType = sourcecode.c.objc; path = buttonView.m; sourceTree = "<group>"; };
		04CE68171CEAB05700D922A5 /* buttonView.xib */ = {isa = PBXFileReference; fileEncoding = 4; lastKnownFileType = file.xib; path = buttonView.xib; sourceTree = "<group>"; };
		04CE68191CEAC6B000D922A5 /* ModuleCell.h */ = {isa = PBXFileReference; fileEncoding = 4; lastKnownFileType = sourcecode.c.h; path = ModuleCell.h; sourceTree = "<group>"; };
		04CE681A1CEAC6B000D922A5 /* ModuleCell.m */ = {isa = PBXFileReference; fileEncoding = 4; lastKnownFileType = sourcecode.c.objc; path = ModuleCell.m; sourceTree = "<group>"; };
		04CE681C1CEAC76900D922A5 /* ModuleChooseController.h */ = {isa = PBXFileReference; fileEncoding = 4; lastKnownFileType = sourcecode.c.h; path = ModuleChooseController.h; sourceTree = "<group>"; };
		04CE681D1CEAC76900D922A5 /* ModuleChooseController.m */ = {isa = PBXFileReference; fileEncoding = 4; lastKnownFileType = sourcecode.c.objc; path = ModuleChooseController.m; sourceTree = "<group>"; };
		04CE681F1CEADEE100D922A5 /* UITableViewController+Extension.h */ = {isa = PBXFileReference; fileEncoding = 4; lastKnownFileType = sourcecode.c.h; path = "UITableViewController+Extension.h"; sourceTree = "<group>"; };
		04CE68201CEADEE100D922A5 /* UITableViewController+Extension.m */ = {isa = PBXFileReference; fileEncoding = 4; lastKnownFileType = sourcecode.c.objc; path = "UITableViewController+Extension.m"; sourceTree = "<group>"; };
		04CE68251CEAE71A00D922A5 /* TestRoomController.h */ = {isa = PBXFileReference; fileEncoding = 4; lastKnownFileType = sourcecode.c.h; path = TestRoomController.h; sourceTree = "<group>"; };
		04CE68261CEAE71A00D922A5 /* TestRoomController.m */ = {isa = PBXFileReference; fileEncoding = 4; lastKnownFileType = sourcecode.c.objc; path = TestRoomController.m; sourceTree = "<group>"; };
		04CE682B1CEB020400D922A5 /* questionModel.h */ = {isa = PBXFileReference; fileEncoding = 4; lastKnownFileType = sourcecode.c.h; path = questionModel.h; sourceTree = "<group>"; };
		04CE682C1CEB020400D922A5 /* questionModel.m */ = {isa = PBXFileReference; fileEncoding = 4; lastKnownFileType = sourcecode.c.objc; path = questionModel.m; sourceTree = "<group>"; };
		04CE682E1CEB0B1800D922A5 /* questionTypeCell.h */ = {isa = PBXFileReference; fileEncoding = 4; lastKnownFileType = sourcecode.c.h; path = questionTypeCell.h; sourceTree = "<group>"; };
		04CE682F1CEB0B1800D922A5 /* questionTypeCell.m */ = {isa = PBXFileReference; fileEncoding = 4; lastKnownFileType = sourcecode.c.objc; path = questionTypeCell.m; sourceTree = "<group>"; };
		04CE68311CEB0F4700D922A5 /* starView.h */ = {isa = PBXFileReference; fileEncoding = 4; lastKnownFileType = sourcecode.c.h; path = starView.h; sourceTree = "<group>"; };
		04CE68321CEB0F4700D922A5 /* starView.m */ = {isa = PBXFileReference; fileEncoding = 4; lastKnownFileType = sourcecode.c.objc; path = starView.m; sourceTree = "<group>"; };
		04D095951CE4131200DD4011 /* newsDetailController.h */ = {isa = PBXFileReference; fileEncoding = 4; lastKnownFileType = sourcecode.c.h; path = newsDetailController.h; sourceTree = "<group>"; };
		04D095961CE4131200DD4011 /* newsDetailController.m */ = {isa = PBXFileReference; fileEncoding = 4; lastKnownFileType = sourcecode.c.objc; path = newsDetailController.m; sourceTree = "<group>"; };
		04D095981CE418AE00DD4011 /* newsDtailCell.h */ = {isa = PBXFileReference; fileEncoding = 4; lastKnownFileType = sourcecode.c.h; path = newsDtailCell.h; sourceTree = "<group>"; };
		04D095991CE418AE00DD4011 /* newsDtailCell.m */ = {isa = PBXFileReference; fileEncoding = 4; lastKnownFileType = sourcecode.c.objc; path = newsDtailCell.m; sourceTree = "<group>"; };
		04D0959B1CE4194400DD4011 /* commentCell.h */ = {isa = PBXFileReference; fileEncoding = 4; lastKnownFileType = sourcecode.c.h; path = commentCell.h; sourceTree = "<group>"; };
		04D0959C1CE4194400DD4011 /* commentCell.m */ = {isa = PBXFileReference; fileEncoding = 4; lastKnownFileType = sourcecode.c.objc; path = commentCell.m; sourceTree = "<group>"; };
		04E3291C1C86D60600843D08 /* JSLanguageAttentionModel.h */ = {isa = PBXFileReference; fileEncoding = 4; lastKnownFileType = sourcecode.c.h; path = JSLanguageAttentionModel.h; sourceTree = "<group>"; };
		04E3291D1C86D60600843D08 /* JSLanguageAttentionModel.m */ = {isa = PBXFileReference; fileEncoding = 4; lastKnownFileType = sourcecode.c.objc; path = JSLanguageAttentionModel.m; sourceTree = "<group>"; };
		04E6C30B1C89552800A92300 /* AppDelegate.h */ = {isa = PBXFileReference; fileEncoding = 4; lastKnownFileType = sourcecode.c.h; path = AppDelegate.h; sourceTree = "<group>"; };
		04E6C30C1C89552800A92300 /* AppDelegate.m */ = {isa = PBXFileReference; fileEncoding = 4; lastKnownFileType = sourcecode.c.objc; path = AppDelegate.m; sourceTree = "<group>"; };
		04E6C30D1C89552800A92300 /* JSTabBarController.h */ = {isa = PBXFileReference; fileEncoding = 4; lastKnownFileType = sourcecode.c.h; path = JSTabBarController.h; sourceTree = "<group>"; };
		04E6C30E1C89552800A92300 /* JSTabBarController.m */ = {isa = PBXFileReference; fileEncoding = 4; lastKnownFileType = sourcecode.c.objc; path = JSTabBarController.m; sourceTree = "<group>"; };
		04E6C30F1C89552800A92300 /* PrefixHeader.pch */ = {isa = PBXFileReference; fileEncoding = 4; lastKnownFileType = sourcecode.c.h; path = PrefixHeader.pch; sourceTree = "<group>"; };
		04E6C3121C895DC300A92300 /* JSVisualAttentionModel.h */ = {isa = PBXFileReference; fileEncoding = 4; lastKnownFileType = sourcecode.c.h; path = JSVisualAttentionModel.h; sourceTree = "<group>"; };
		04E6C3131C895DC300A92300 /* JSVisualAttentionModel.m */ = {isa = PBXFileReference; fileEncoding = 4; lastKnownFileType = sourcecode.c.objc; path = JSVisualAttentionModel.m; sourceTree = "<group>"; };
		04E6C3151C89800100A92300 /* ImageName.plist */ = {isa = PBXFileReference; fileEncoding = 4; lastKnownFileType = text.plist.xml; path = ImageName.plist; sourceTree = "<group>"; };
		71E70B531ECE1EECF5159E97 /* Pods.release.xcconfig */ = {isa = PBXFileReference; includeInIndex = 1; lastKnownFileType = text.xcconfig; name = Pods.release.xcconfig; path = "Pods/Target Support Files/Pods/Pods.release.xcconfig"; sourceTree = "<group>"; };
		9EC3A7BDF7FF8EE799389403 /* libPods.a */ = {isa = PBXFileReference; explicitFileType = archive.ar; includeInIndex = 0; path = libPods.a; sourceTree = BUILT_PRODUCTS_DIR; };
		AB0FA04B649CDDFFBFEE87B6 /* Pods.debug.xcconfig */ = {isa = PBXFileReference; includeInIndex = 1; lastKnownFileType = text.xcconfig; name = Pods.debug.xcconfig; path = "Pods/Target Support Files/Pods/Pods.debug.xcconfig"; sourceTree = "<group>"; };
/* End PBXFileReference section */

/* Begin PBXFrameworksBuildPhase section */
		04B0FEC61C8419540020D1A5 /* Frameworks */ = {
			isa = PBXFrameworksBuildPhase;
			buildActionMask = 2147483647;
			files = (
				95E97B8D9D3F02446DAEC54C /* libPods.a in Frameworks */,
			);
			runOnlyForDeploymentPostprocessing = 0;
		};
		04B0FEDF1C8419540020D1A5 /* Frameworks */ = {
			isa = PBXFrameworksBuildPhase;
			buildActionMask = 2147483647;
			files = (
			);
			runOnlyForDeploymentPostprocessing = 0;
		};
		04B0FEEA1C8419540020D1A5 /* Frameworks */ = {
			isa = PBXFrameworksBuildPhase;
			buildActionMask = 2147483647;
			files = (
			);
			runOnlyForDeploymentPostprocessing = 0;
		};
/* End PBXFrameworksBuildPhase section */

/* Begin PBXGroup section */
		04011D571CCDEF5700C4F6D4 /* MainPage(首页) */ = {
			isa = PBXGroup;
			children = (
				04011D581CCDEF5700C4F6D4 /* controller */,
				04011D591CCDEF5700C4F6D4 /* model */,
				04011D5A1CCDEF5700C4F6D4 /* view */,
			);
			path = "MainPage(首页)";
			sourceTree = "<group>";
		};
		04011D581CCDEF5700C4F6D4 /* controller */ = {
			isa = PBXGroup;
			children = (
				04011D6A1CCDF13A00C4F6D4 /* MainPageViewController.h */,
				04011D6B1CCDF13A00C4F6D4 /* MainPageViewController.m */,
				04D095951CE4131200DD4011 /* newsDetailController.h */,
				04D095961CE4131200DD4011 /* newsDetailController.m */,
			);
			path = controller;
			sourceTree = "<group>";
		};
		04011D591CCDEF5700C4F6D4 /* model */ = {
			isa = PBXGroup;
			children = (
				0423B6A81CE30E8E0018E753 /* JSNewsModel.h */,
				0423B6A91CE30E8E0018E753 /* JSNewsModel.m */,
				045D9AD41CE4242800AE46E9 /* JSNewsFrameModel.h */,
				045D9AD51CE4242800AE46E9 /* JSNewsFrameModel.m */,
				0456BBEE1CE9649D005A22AE /* JSComentModel.h */,
				0456BBEF1CE9649D005A22AE /* JSComentModel.m */,
			);
			path = model;
			sourceTree = "<group>";
		};
		04011D5A1CCDEF5700C4F6D4 /* view */ = {
			isa = PBXGroup;
			children = (
				04011D6D1CCDF59200C4F6D4 /* animationScroll.h */,
				04011D6E1CCDF59200C4F6D4 /* animationScroll.m */,
				0423B6AB1CE31AF10018E753 /* NewsCell.h */,
				0423B6AC1CE31AF10018E753 /* NewsCell.m */,
				04D095981CE418AE00DD4011 /* newsDtailCell.h */,
				04D095991CE418AE00DD4011 /* newsDtailCell.m */,
				04D0959B1CE4194400DD4011 /* commentCell.h */,
				04D0959C1CE4194400DD4011 /* commentCell.m */,
				0456BBF31CE99056005A22AE /* inputCommentView.h */,
				0456BBF41CE99056005A22AE /* inputCommentView.m */,
			);
			path = view;
			sourceTree = "<group>";
		};
		04011D5B1CCDEF5700C4F6D4 /* profile(个人信息) */ = {
			isa = PBXGroup;
			children = (
				04011D5C1CCDEF5700C4F6D4 /* controller */,
				04011D5D1CCDEF5700C4F6D4 /* model */,
				04011D5E1CCDEF5700C4F6D4 /* view */,
			);
			path = "profile(个人信息)";
			sourceTree = "<group>";
		};
		04011D5C1CCDEF5700C4F6D4 /* controller */ = {
			isa = PBXGroup;
			children = (
				04A70C641CEDAB6900B077D7 /* profileViewController.h */,
				04A70C651CEDAB6900B077D7 /* profileViewController.m */,
				04060D891CF80C9400760301 /* settingViewController.h */,
				04060D8A1CF80C9400760301 /* settingViewController.m */,
				042CE0E51CFC18F7009884A5 /* ShowPersonalBBSViewController.h */,
				042CE0E61CFC18F7009884A5 /* ShowPersonalBBSViewController.m */,
				0480E8341D001224007304F8 /* TheRerunSgViewContoller.h */,
				0480E8351D001224007304F8 /* TheRerunSgViewContoller.m */,
				041F2DAE1D0136BA007CFE79 /* addSUGController.h */,
				041F2DAF1D0136BA007CFE79 /* addSUGController.m */,
			);
			path = controller;
			sourceTree = "<group>";
		};
		04011D5D1CCDEF5700C4F6D4 /* model */ = {
			isa = PBXGroup;
			children = (
				042CE0EE1CFC2B4B009884A5 /* searchPersonBBsModel.h */,
				042CE0EF1CFC2B4B009884A5 /* searchPersonBBsModel.m */,
				041F2DA21D011738007CFE79 /* ShowSegModel.h */,
				041F2DA31D011738007CFE79 /* ShowSegModel.m */,
			);
			path = model;
			sourceTree = "<group>";
		};
		04011D5E1CCDEF5700C4F6D4 /* view */ = {
			isa = PBXGroup;
			children = (
				042CE0EB1CFC1DD0009884A5 /* ShowPersonnalBBSCell.h */,
				042CE0EC1CFC1DD0009884A5 /* ShowPersonnalBBSCell.m */,
				041F2DA61D011E4B007CFE79 /* ShowSegCell.h */,
				041F2DA71D011E4B007CFE79 /* ShowSegCell.m */,
			);
			path = view;
			sourceTree = "<group>";
		};
		04011D5F1CCDEF5700C4F6D4 /* SkillPage(论坛) */ = {
			isa = PBXGroup;
			children = (
				04011D601CCDEF5700C4F6D4 /* controller */,
				04011D611CCDEF5700C4F6D4 /* model */,
				04011D621CCDEF5700C4F6D4 /* view */,
			);
			name = "SkillPage(论坛)";
			path = "SkillPage(应用)";
			sourceTree = "<group>";
		};
		04011D601CCDEF5700C4F6D4 /* controller */ = {
			isa = PBXGroup;
			children = (
				040849161CF2EE41009C2BCA /* pageViewsController.h */,
				040849171CF2EE41009C2BCA /* pageViewsController.m */,
				04A70C611CEDAB5500B077D7 /* BBSControllerView.h */,
				04A70C621CEDAB5500B077D7 /* BBSControllerView.m */,
				0404E3221CF424D3003DE794 /* DetailBBSController.h */,
				0404E3231CF424D3003DE794 /* DetailBBSController.m */,
				043FD7121CF5962700B48DFC /* addCommentController.h */,
				043FD7131CF5962700B48DFC /* addCommentController.m */,
				043FD70F1CF5927600B48DFC /* sendBBSController.h */,
				043FD7101CF5927600B48DFC /* sendBBSController.m */,
			);
			path = controller;
			sourceTree = "<group>";
		};
		04011D611CCDEF5700C4F6D4 /* model */ = {
			isa = PBXGroup;
			children = (
				0413BCBE1CEEED200071A105 /* JSBbsInfoModel.h */,
				0413BCBF1CEEED200071A105 /* JSBbsInfoModel.m */,
				048D57651CF44616009A16BB /* detailBBSmodel.h */,
				048D57661CF44616009A16BB /* detailBBSmodel.m */,
				048D575F1CF434C0009A16BB /* answerModel.h */,
				048D57601CF434C0009A16BB /* answerModel.m */,
			);
			path = model;
			sourceTree = "<group>";
		};
		04011D621CCDEF5700C4F6D4 /* view */ = {
			isa = PBXGroup;
			children = (
				0413BCBB1CEEA9550071A105 /* tableHeaderButtonView.h */,
				0413BCBC1CEEA9550071A105 /* tableHeaderButtonView.m */,
				0413BCC11CEEF3760071A105 /* BBSInfoListCell.h */,
				0413BCC21CEEF3760071A105 /* BBSInfoListCell.m */,
				048D57621CF4409A009A16BB /* detailInfoCell.h */,
				048D57631CF4409A009A16BB /* detailInfoCell.m */,
			);
			path = view;
			sourceTree = "<group>";
		};
		04011D631CCDEF5700C4F6D4 /* TestsPage(测评) */ = {
			isa = PBXGroup;
			children = (
				04011D641CCDEF5700C4F6D4 /* controller */,
				04011D651CCDEF5700C4F6D4 /* model */,
				04011D661CCDEF5700C4F6D4 /* view */,
			);
			path = "TestsPage(测评)";
			sourceTree = "<group>";
		};
		04011D641CCDEF5700C4F6D4 /* controller */ = {
			isa = PBXGroup;
			children = (
				04B0FF261C841DEE0020D1A5 /* FirstViewController.h */,
				04B0FF271C841DEE0020D1A5 /* FirstViewController.m */,
				04CE680E1CEAAEA300D922A5 /* testPViewController.h */,
				04CE680F1CEAAEA300D922A5 /* testPViewController.m */,
				04CE681C1CEAC76900D922A5 /* ModuleChooseController.h */,
				04CE681D1CEAC76900D922A5 /* ModuleChooseController.m */,
				0425DC8E1CC8A63300D022E3 /* normalShowLevelController.h */,
				0425DC8F1CC8A63300D022E3 /* normalShowLevelController.m */,
				04CE68251CEAE71A00D922A5 /* TestRoomController.h */,
				04CE68261CEAE71A00D922A5 /* TestRoomController.m */,
				047041F41CEC545900B37331 /* showLevelController.h */,
				047041F51CEC545900B37331 /* showLevelController.m */,
			);
			path = controller;
			sourceTree = "<group>";
		};
		04011D651CCDEF5700C4F6D4 /* model */ = {
			isa = PBXGroup;
			children = (
				04CE682B1CEB020400D922A5 /* questionModel.h */,
				04CE682C1CEB020400D922A5 /* questionModel.m */,
				047041F11CEC4D2B00B37331 /* showLevelModel.h */,
				047041F21CEC4D2B00B37331 /* showLevelModel.m */,
			);
			path = model;
			sourceTree = "<group>";
		};
		04011D661CCDEF5700C4F6D4 /* view */ = {
			isa = PBXGroup;
			children = (
				04CE68141CEAB04300D922A5 /* buttonView.h */,
				04CE68151CEAB04300D922A5 /* buttonView.m */,
				04CE68171CEAB05700D922A5 /* buttonView.xib */,
				04CE68191CEAC6B000D922A5 /* ModuleCell.h */,
				04CE681A1CEAC6B000D922A5 /* ModuleCell.m */,
				0425DC911CC8C2FF00D022E3 /* showLevelCell.h */,
				0425DC921CC8C2FF00D022E3 /* showLevelCell.m */,
				04CE682E1CEB0B1800D922A5 /* questionTypeCell.h */,
				04CE682F1CEB0B1800D922A5 /* questionTypeCell.m */,
				04CE68311CEB0F4700D922A5 /* starView.h */,
				04CE68321CEB0F4700D922A5 /* starView.m */,
			);
			path = view;
			sourceTree = "<group>";
		};
		04107E161CFE7FE9008A33D0 /* BasicClass */ = {
			isa = PBXGroup;
			children = (
				04107E171CFE8016008A33D0 /* JSRefreshTableViewController.h */,
				04107E181CFE8016008A33D0 /* JSRefreshTableViewController.m */,
				04107E281CFECB6A008A33D0 /* JSBBSBasicVC.h */,
				04107E291CFECB6A008A33D0 /* JSBBSBasicVC.m */,
				041F2DB11D0154DB007CFE79 /* testBaseView.h */,
				041F2DB21D0154DB007CFE79 /* testBaseView.m */,
				041F2DA51D011D46007CFE79 /* JSModelCell.h */,
			);
			name = BasicClass;
			path = MainController/BasicClass;
			sourceTree = "<group>";
		};
		041FB9641C86817800F35659 /* CPT-持续注意力测试 */ = {
			isa = PBXGroup;
			children = (
				041FB9651C86817800F35659 /* model */,
				041FB9661C86817800F35659 /* view */,
			);
			path = "CPT-持续注意力测试";
			sourceTree = "<group>";
		};
		041FB9651C86817800F35659 /* model */ = {
			isa = PBXGroup;
			children = (
			);
			path = model;
			sourceTree = "<group>";
		};
		041FB9661C86817800F35659 /* view */ = {
			isa = PBXGroup;
			children = (
				04CC90C71CAD02E2003D095C /* ContinuousPerformanceTests.h */,
				04CC90C81CAD02E2003D095C /* ContinuousPerformanceTests.m */,
			);
			path = view;
			sourceTree = "<group>";
		};
		041FB9671C86817800F35659 /* FTT 手指点击测试 */ = {
			isa = PBXGroup;
			children = (
				041FB9681C86817800F35659 /* model */,
				041FB9691C86817800F35659 /* view */,
			);
			path = "FTT 手指点击测试";
			sourceTree = "<group>";
		};
		041FB9681C86817800F35659 /* model */ = {
			isa = PBXGroup;
			children = (
				04A5DD031C8FF64800D31DB9 /* JSFgClickModel.h */,
				04A5DD041C8FF64800D31DB9 /* JSFgClickModel.m */,
			);
			path = model;
			sourceTree = "<group>";
		};
		041FB9691C86817800F35659 /* view */ = {
			isa = PBXGroup;
			children = (
				047D089E1C8D69DA0092EAE4 /* JSFgClickTests.h */,
				047D089F1C8D69DA0092EAE4 /* JSFgClickTests.m */,
			);
			path = view;
			sourceTree = "<group>";
		};
		041FB96A1C86817800F35659 /* SAT-注意力转移测试 */ = {
			isa = PBXGroup;
			children = (
				041FB96B1C86817800F35659 /* model */,
				041FB96C1C86817800F35659 /* view */,
			);
			path = "SAT-注意力转移测试";
			sourceTree = "<group>";
		};
		041FB96B1C86817800F35659 /* model */ = {
			isa = PBXGroup;
			children = (
				0485BAE21CA50B740012CECD /* ShiftingAttentionModel.h */,
				0485BAE31CA50B740012CECD /* ShiftingAttentionModel.m */,
			);
			path = model;
			sourceTree = "<group>";
		};
		041FB96C1C86817800F35659 /* view */ = {
			isa = PBXGroup;
			children = (
				0485BADF1CA50B620012CECD /* ShiftingAttentionTests.h */,
				0485BAE01CA50B620012CECD /* ShiftingAttentionTests.m */,
			);
			path = view;
			sourceTree = "<group>";
		};
		041FB96D1C86817800F35659 /* SDC-符号位数赋值 */ = {
			isa = PBXGroup;
			children = (
				041FB96E1C86817800F35659 /* model */,
				041FB96F1C86817800F35659 /* view */,
			);
			path = "SDC-符号位数赋值";
			sourceTree = "<group>";
		};
		041FB96E1C86817800F35659 /* model */ = {
			isa = PBXGroup;
			children = (
				0438855F1C9027E200E1A3E9 /* SymbolDigitsModel.h */,
				043885601C9027E200E1A3E9 /* SymbolDigitsModel.m */,
			);
			path = model;
			sourceTree = "<group>";
		};
		041FB96F1C86817800F35659 /* view */ = {
			isa = PBXGroup;
			children = (
				04A5DD061C8FF85800D31DB9 /* SymbolDigitCodingTests.h */,
				04A5DD071C8FF85800D31DB9 /* SymbolDigitCodingTests.m */,
				0438855A1C90237300E1A3E9 /* diamondsXib.xib */,
				04A5DD0B1C90075E00D31DB9 /* DiamandsView.h */,
				04A5DD0C1C90075E00D31DB9 /* DiamandsView.m */,
				0438855C1C90251E00E1A3E9 /* SymbolAndDigit.h */,
				0438855D1C90251E00E1A3E9 /* SymbolAndDigit.m */,
				040730E51C9118D300534773 /* JSKeyBoardView.h */,
				040730E61C9118D300534773 /* JSKeyBoardView.m */,
			);
			path = view;
			sourceTree = "<group>";
		};
		041FB9701C86817800F35659 /* ST-颜色反差测试 */ = {
			isa = PBXGroup;
			children = (
				041FB9711C86817800F35659 /* model */,
				041FB9721C86817800F35659 /* view */,
			);
			path = "ST-颜色反差测试";
			sourceTree = "<group>";
		};
		041FB9711C86817800F35659 /* model */ = {
			isa = PBXGroup;
			children = (
				040F2C4C1C99588D00C5A929 /* StroopModel.h */,
				040F2C4D1C99588D00C5A929 /* StroopModel.m */,
			);
			path = model;
			sourceTree = "<group>";
		};
		041FB9721C86817800F35659 /* view */ = {
			isa = PBXGroup;
			children = (
				04864B781C96B8D00035DAB1 /* StroopTests.h */,
				04864B791C96B8D00035DAB1 /* StroopTests.m */,
			);
			path = view;
			sourceTree = "<group>";
		};
		041FB9731C86817800F35659 /* VBM-语言注意力测试 */ = {
			isa = PBXGroup;
			children = (
				041FB9741C86817800F35659 /* model */,
				041FB9751C86817800F35659 /* view */,
			);
			path = "VBM-语言注意力测试";
			sourceTree = "<group>";
		};
		041FB9741C86817800F35659 /* model */ = {
			isa = PBXGroup;
			children = (
				04E3291C1C86D60600843D08 /* JSLanguageAttentionModel.h */,
				04E3291D1C86D60600843D08 /* JSLanguageAttentionModel.m */,
			);
			path = model;
			sourceTree = "<group>";
		};
		041FB9751C86817800F35659 /* view */ = {
			isa = PBXGroup;
			children = (
				041FB9791C86825A00F35659 /* JSLanguageAttentionTests.h */,
				041FB97A1C86825A00F35659 /* JSLanguageAttentionTests.m */,
			);
			path = view;
			sourceTree = "<group>";
		};
		041FB9761C86817800F35659 /* VIM-视觉注意力测试 */ = {
			isa = PBXGroup;
			children = (
				041FB9771C86817800F35659 /* model */,
				041FB9781C86817800F35659 /* view */,
			);
			path = "VIM-视觉注意力测试";
			sourceTree = "<group>";
		};
		041FB9771C86817800F35659 /* model */ = {
			isa = PBXGroup;
			children = (
				04E6C3121C895DC300A92300 /* JSVisualAttentionModel.h */,
				04E6C3131C895DC300A92300 /* JSVisualAttentionModel.m */,
			);
			path = model;
			sourceTree = "<group>";
		};
		041FB9781C86817800F35659 /* view */ = {
			isa = PBXGroup;
			children = (
				04A273C51C882D4600B9FAE1 /* JSVisualAttentionTests.h */,
				04A273C61C882D4600B9FAE1 /* JSVisualAttentionTests.m */,
				04E6C3151C89800100A92300 /* ImageName.plist */,
			);
			path = view;
			sourceTree = "<group>";
		};
		0423B69A1CE309510018E753 /* MBProgressHUD */ = {
			isa = PBXGroup;
			children = (
				0423B69B1CE309510018E753 /* MBProgressHUD+MJ.h */,
				0423B69C1CE309510018E753 /* MBProgressHUD+MJ.m */,
				0423B69D1CE309510018E753 /* MBProgressHUD.bundle */,
				0423B69E1CE309510018E753 /* MBProgressHUD.h */,
				0423B69F1CE309510018E753 /* MBProgressHUD.m */,
				0423B6A01CE309510018E753 /* ZYQAssetPicker.Bundle */,
				0423B6A11CE309510018E753 /* ZYQAssetPickerController.h */,
				0423B6A21CE309510018E753 /* ZYQAssetPickerController.m */,
			);
			path = MBProgressHUD;
			sourceTree = "<group>";
		};
		04B0FEC01C8419540020D1A5 = {
			isa = PBXGroup;
			children = (
				040730E81C91376B00534773 /* Podfile.lock */,
				04B0FF011C841B1D0020D1A5 /* Default-568h@2x.png */,
				04B0FECB1C8419540020D1A5 /* CNS */,
				04B0FEE51C8419540020D1A5 /* CNSTests */,
				04B0FEF01C8419540020D1A5 /* CNSUITests */,
				04B0FECA1C8419540020D1A5 /* Products */,
				3070D422E67CA3E92889646B /* Pods */,
				FE08D0E2E0256AEF200D2706 /* Frameworks */,
			);
			sourceTree = "<group>";
		};
		04B0FECA1C8419540020D1A5 /* Products */ = {
			isa = PBXGroup;
			children = (
				04B0FEC91C8419540020D1A5 /* CNS.app */,
				04B0FEE21C8419540020D1A5 /* CNSTests.xctest */,
				04B0FEED1C8419540020D1A5 /* CNSUITests.xctest */,
			);
			name = Products;
			sourceTree = "<group>";
		};
		04B0FECB1C8419540020D1A5 /* CNS */ = {
			isa = PBXGroup;
			children = (
				04E6C30A1C89552800A92300 /* prefix */,
				04B0FF2C1C8420180020D1A5 /* viewCategory */,
				04B0FF061C841C720020D1A5 /* category */,
				04B0FF251C841DC20020D1A5 /* MainController */,
				04107E161CFE7FE9008A33D0 /* BasicClass */,
				04011D571CCDEF5700C4F6D4 /* MainPage(首页) */,
				04011D631CCDEF5700C4F6D4 /* TestsPage(测评) */,
				04011D5F1CCDEF5700C4F6D4 /* SkillPage(论坛) */,
				04011D5B1CCDEF5700C4F6D4 /* profile(个人信息) */,
				041FB9731C86817800F35659 /* VBM-语言注意力测试 */,
				041FB9761C86817800F35659 /* VIM-视觉注意力测试 */,
				041FB9671C86817800F35659 /* FTT 手指点击测试 */,
				041FB96D1C86817800F35659 /* SDC-符号位数赋值 */,
				041FB9701C86817800F35659 /* ST-颜色反差测试 */,
				041FB96A1C86817800F35659 /* SAT-注意力转移测试 */,
				041FB9641C86817800F35659 /* CPT-持续注意力测试 */,
				04B0FED81C8419540020D1A5 /* Assets.xcassets */,
				04B0FEDA1C8419540020D1A5 /* LaunchScreen.storyboard */,
				04B0FEDD1C8419540020D1A5 /* Info.plist */,
				04B0FECC1C8419540020D1A5 /* Supporting Files */,
			);
			path = CNS;
			sourceTree = "<group>";
		};
		04B0FECC1C8419540020D1A5 /* Supporting Files */ = {
			isa = PBXGroup;
			children = (
				04B0FECD1C8419540020D1A5 /* main.m */,
			);
			name = "Supporting Files";
			sourceTree = "<group>";
		};
		04B0FEE51C8419540020D1A5 /* CNSTests */ = {
			isa = PBXGroup;
			children = (
				04B0FEE61C8419540020D1A5 /* CNSTests.m */,
				04B0FEE81C8419540020D1A5 /* Info.plist */,
			);
			path = CNSTests;
			sourceTree = "<group>";
		};
		04B0FEF01C8419540020D1A5 /* CNSUITests */ = {
			isa = PBXGroup;
			children = (
				04B0FEF11C8419540020D1A5 /* CNSUITests.m */,
				04B0FEF31C8419540020D1A5 /* Info.plist */,
			);
			path = CNSUITests;
			sourceTree = "<group>";
		};
		04B0FF061C841C720020D1A5 /* category */ = {
			isa = PBXGroup;
			children = (
				0423B69A1CE309510018E753 /* MBProgressHUD */,
				04B0FF071C841C720020D1A5 /* NSDate+Extension.h */,
				04B0FF081C841C720020D1A5 /* NSDate+Extension.m */,
				04B0FF091C841C720020D1A5 /* timerTool.h */,
				04B0FF0A1C841C720020D1A5 /* timerTool.m */,
				04B0FF0B1C841C720020D1A5 /* UIBarButtonItem+Extension.h */,
				04B0FF0C1C841C720020D1A5 /* UIBarButtonItem+Extension.m */,
				04B0FF0D1C841C720020D1A5 /* UIButton+Extension.h */,
				04B0FF0E1C841C720020D1A5 /* UIButton+Extension.m */,
				04B0FF0F1C841C720020D1A5 /* UIImage+Render.h */,
				04B0FF101C841C720020D1A5 /* UIImage+Render.m */,
				04B0FF111C841C720020D1A5 /* UIView+Animated.h */,
				04B0FF121C841C720020D1A5 /* UIView+Animated.m */,
				04B0FF131C841C720020D1A5 /* UIView+Frame.h */,
				04B0FF141C841C720020D1A5 /* UIView+Frame.m */,
				04CE681F1CEADEE100D922A5 /* UITableViewController+Extension.h */,
				04CE68201CEADEE100D922A5 /* UITableViewController+Extension.m */,
			);
			path = category;
			sourceTree = "<group>";
		};
		04B0FF251C841DC20020D1A5 /* MainController */ = {
			isa = PBXGroup;
			children = (
				04011D491CCDB03B00C4F6D4 /* loginViewController.h */,
				04011D4A1CCDB03B00C4F6D4 /* loginViewController.m */,
				0480E82B1CFFDAB4007304F8 /* JSNewVisionViewControler.h */,
				0480E82C1CFFDAB4007304F8 /* JSNewVisionViewControler.m */,
				041F2DB41D016E56007CFE79 /* lunchViewController.h */,
				041F2DB51D016E56007CFE79 /* lunchViewController.m */,
			);
			path = MainController;
			sourceTree = "<group>";
		};
		04B0FF2C1C8420180020D1A5 /* viewCategory */ = {
			isa = PBXGroup;
			children = (
				04B0FF2D1C8420610020D1A5 /* animationFlashLabel.h */,
				04B0FF2E1C8420610020D1A5 /* animationFlashLabel.m */,
				04011D4C1CCDEC9000C4F6D4 /* UIImage+Render.h */,
				04011D4D1CCDEC9000C4F6D4 /* UIImage+Render.m */,
				0480E8311D000266007304F8 /* JSUserManager.h */,
				0480E8321D000266007304F8 /* JSUserManager.m */,
				04B0FF2F1C8420610020D1A5 /* eyeView.h */,
				04B0FF301C8420610020D1A5 /* eyeView.m */,
				04B0FF311C8420610020D1A5 /* JSLoading.h */,
				04B0FF321C8420610020D1A5 /* JSLoading.m */,
				04B0FF331C8420610020D1A5 /* JSLoadLayer.h */,
				04B0FF341C8420610020D1A5 /* JSLoadLayer.m */,
				04B0FF351C8420610020D1A5 /* JSPresentBut.h */,
				04B0FF361C8420610020D1A5 /* JSPresentBut.m */,
				04B0FF371C8420610020D1A5 /* JSWriteAnimationView.h */,
				04B0FF381C8420610020D1A5 /* JSWriteAnimationView.m */,
				041F2DAB1D012DEA007CFE79 /* NSString+Bounding.h */,
				041F2DAC1D012DEA007CFE79 /* NSString+Bounding.m */,
			);
			name = viewCategory;
			path = category;
			sourceTree = "<group>";
		};
		04E6C30A1C89552800A92300 /* prefix */ = {
			isa = PBXGroup;
			children = (
				0475605C1CC7504F00CFD065 /* INetworking.h */,
				0475605D1CC7504F00CFD065 /* INetworking.m */,
				04E6C30B1C89552800A92300 /* AppDelegate.h */,
				04E6C30C1C89552800A92300 /* AppDelegate.m */,
				041F2DB71D016F0B007CFE79 /* AppDelegate+lunchAnimation.h */,
				041F2DB81D016F0B007CFE79 /* AppDelegate+lunchAnimation.m */,
				0480E8281CFFD398007304F8 /* AppDelegate+NewVision.h */,
				0480E8291CFFD398007304F8 /* AppDelegate+NewVision.m */,
				04E6C30D1C89552800A92300 /* JSTabBarController.h */,
				04E6C30E1C89552800A92300 /* JSTabBarController.m */,
				04E6C30F1C89552800A92300 /* PrefixHeader.pch */,
				041DA7951CBF710500626349 /* JSTestsList.h */,
				041DA7961CBF710500626349 /* JSTestsList.m */,
			);
			path = prefix;
			sourceTree = "<group>";
		};
		3070D422E67CA3E92889646B /* Pods */ = {
			isa = PBXGroup;
			children = (
				AB0FA04B649CDDFFBFEE87B6 /* Pods.debug.xcconfig */,
				71E70B531ECE1EECF5159E97 /* Pods.release.xcconfig */,
			);
			name = Pods;
			sourceTree = "<group>";
		};
		FE08D0E2E0256AEF200D2706 /* Frameworks */ = {
			isa = PBXGroup;
			children = (
				9EC3A7BDF7FF8EE799389403 /* libPods.a */,
			);
			name = Frameworks;
			sourceTree = "<group>";
		};
/* End PBXGroup section */

/* Begin PBXNativeTarget section */
		04B0FEC81C8419540020D1A5 /* CNS */ = {
			isa = PBXNativeTarget;
			buildConfigurationList = 04B0FEF61C8419540020D1A5 /* Build configuration list for PBXNativeTarget "CNS" */;
			buildPhases = (
				ABC7A86AB2DF9B55DDA682D4 /* Check Pods Manifest.lock */,
				04B0FEC51C8419540020D1A5 /* Sources */,
				04B0FEC61C8419540020D1A5 /* Frameworks */,
				04B0FEC71C8419540020D1A5 /* Resources */,
				9BF7DCBD55B7D7BE56A2B99D /* Embed Pods Frameworks */,
				AF03F2E9D3633D199903BFAB /* Copy Pods Resources */,
			);
			buildRules = (
			);
			dependencies = (
			);
			name = CNS;
			productName = CNS;
			productReference = 04B0FEC91C8419540020D1A5 /* CNS.app */;
			productType = "com.apple.product-type.application";
		};
		04B0FEE11C8419540020D1A5 /* CNSTests */ = {
			isa = PBXNativeTarget;
			buildConfigurationList = 04B0FEF91C8419540020D1A5 /* Build configuration list for PBXNativeTarget "CNSTests" */;
			buildPhases = (
				04B0FEDE1C8419540020D1A5 /* Sources */,
				04B0FEDF1C8419540020D1A5 /* Frameworks */,
				04B0FEE01C8419540020D1A5 /* Resources */,
			);
			buildRules = (
			);
			dependencies = (
				04B0FEE41C8419540020D1A5 /* PBXTargetDependency */,
			);
			name = CNSTests;
			productName = CNSTests;
			productReference = 04B0FEE21C8419540020D1A5 /* CNSTests.xctest */;
			productType = "com.apple.product-type.bundle.unit-test";
		};
		04B0FEEC1C8419540020D1A5 /* CNSUITests */ = {
			isa = PBXNativeTarget;
			buildConfigurationList = 04B0FEFC1C8419540020D1A5 /* Build configuration list for PBXNativeTarget "CNSUITests" */;
			buildPhases = (
				04B0FEE91C8419540020D1A5 /* Sources */,
				04B0FEEA1C8419540020D1A5 /* Frameworks */,
				04B0FEEB1C8419540020D1A5 /* Resources */,
			);
			buildRules = (
			);
			dependencies = (
				04B0FEEF1C8419540020D1A5 /* PBXTargetDependency */,
			);
			name = CNSUITests;
			productName = CNSUITests;
			productReference = 04B0FEED1C8419540020D1A5 /* CNSUITests.xctest */;
			productType = "com.apple.product-type.bundle.ui-testing";
		};
/* End PBXNativeTarget section */

/* Begin PBXProject section */
		04B0FEC11C8419540020D1A5 /* Project object */ = {
			isa = PBXProject;
			attributes = {
				LastUpgradeCheck = 0730;
				ORGANIZATIONNAME = "竞思教育";
				TargetAttributes = {
					04B0FEC81C8419540020D1A5 = {
						CreatedOnToolsVersion = 7.2.1;
						DevelopmentTeam = 65XAATDZ9L;
					};
					04B0FEE11C8419540020D1A5 = {
						CreatedOnToolsVersion = 7.2.1;
						DevelopmentTeam = 65XAATDZ9L;
						TestTargetID = 04B0FEC81C8419540020D1A5;
					};
					04B0FEEC1C8419540020D1A5 = {
						CreatedOnToolsVersion = 7.2.1;
						DevelopmentTeam = 65XAATDZ9L;
						TestTargetID = 04B0FEC81C8419540020D1A5;
					};
				};
			};
			buildConfigurationList = 04B0FEC41C8419540020D1A5 /* Build configuration list for PBXProject "CNS" */;
			compatibilityVersion = "Xcode 3.2";
			developmentRegion = English;
			hasScannedForEncodings = 0;
			knownRegions = (
				en,
				Base,
			);
			mainGroup = 04B0FEC01C8419540020D1A5;
			productRefGroup = 04B0FECA1C8419540020D1A5 /* Products */;
			projectDirPath = "";
			projectRoot = "";
			targets = (
				04B0FEC81C8419540020D1A5 /* CNS */,
				04B0FEE11C8419540020D1A5 /* CNSTests */,
				04B0FEEC1C8419540020D1A5 /* CNSUITests */,
			);
		};
/* End PBXProject section */

/* Begin PBXResourcesBuildPhase section */
		04B0FEC71C8419540020D1A5 /* Resources */ = {
			isa = PBXResourcesBuildPhase;
			buildActionMask = 2147483647;
			files = (
				040730E91C91376C00534773 /* Podfile.lock in Resources */,
				04B0FEDC1C8419540020D1A5 /* LaunchScreen.storyboard in Resources */,
				0438855B1C90237300E1A3E9 /* diamondsXib.xib in Resources */,
				04E6C3161C89800100A92300 /* ImageName.plist in Resources */,
				04CE68181CEAB05700D922A5 /* buttonView.xib in Resources */,
				04B0FED91C8419540020D1A5 /* Assets.xcassets in Resources */,
				04B0FF021C841B1D0020D1A5 /* Default-568h@2x.png in Resources */,
				0423B6A41CE309510018E753 /* MBProgressHUD.bundle in Resources */,
				0423B6A61CE309510018E753 /* ZYQAssetPicker.Bundle in Resources */,
			);
			runOnlyForDeploymentPostprocessing = 0;
		};
		04B0FEE01C8419540020D1A5 /* Resources */ = {
			isa = PBXResourcesBuildPhase;
			buildActionMask = 2147483647;
			files = (
			);
			runOnlyForDeploymentPostprocessing = 0;
		};
		04B0FEEB1C8419540020D1A5 /* Resources */ = {
			isa = PBXResourcesBuildPhase;
			buildActionMask = 2147483647;
			files = (
			);
			runOnlyForDeploymentPostprocessing = 0;
		};
/* End PBXResourcesBuildPhase section */

/* Begin PBXShellScriptBuildPhase section */
		9BF7DCBD55B7D7BE56A2B99D /* Embed Pods Frameworks */ = {
			isa = PBXShellScriptBuildPhase;
			buildActionMask = 2147483647;
			files = (
			);
			inputPaths = (
			);
			name = "Embed Pods Frameworks";
			outputPaths = (
			);
			runOnlyForDeploymentPostprocessing = 0;
			shellPath = /bin/sh;
			shellScript = "\"${SRCROOT}/Pods/Target Support Files/Pods/Pods-frameworks.sh\"\n";
			showEnvVarsInLog = 0;
		};
		ABC7A86AB2DF9B55DDA682D4 /* Check Pods Manifest.lock */ = {
			isa = PBXShellScriptBuildPhase;
			buildActionMask = 2147483647;
			files = (
			);
			inputPaths = (
			);
			name = "Check Pods Manifest.lock";
			outputPaths = (
			);
			runOnlyForDeploymentPostprocessing = 0;
			shellPath = /bin/sh;
			shellScript = "diff \"${PODS_ROOT}/../Podfile.lock\" \"${PODS_ROOT}/Manifest.lock\" > /dev/null\nif [[ $? != 0 ]] ; then\n    cat << EOM\nerror: The sandbox is not in sync with the Podfile.lock. Run 'pod install' or update your CocoaPods installation.\nEOM\n    exit 1\nfi\n";
			showEnvVarsInLog = 0;
		};
		AF03F2E9D3633D199903BFAB /* Copy Pods Resources */ = {
			isa = PBXShellScriptBuildPhase;
			buildActionMask = 2147483647;
			files = (
			);
			inputPaths = (
			);
			name = "Copy Pods Resources";
			outputPaths = (
			);
			runOnlyForDeploymentPostprocessing = 0;
			shellPath = /bin/sh;
			shellScript = "\"${SRCROOT}/Pods/Target Support Files/Pods/Pods-resources.sh\"\n";
			showEnvVarsInLog = 0;
		};
/* End PBXShellScriptBuildPhase section */

/* Begin PBXSourcesBuildPhase section */
		04B0FEC51C8419540020D1A5 /* Sources */ = {
			isa = PBXSourcesBuildPhase;
			buildActionMask = 2147483647;
			files = (
				04E6C3101C89552800A92300 /* AppDelegate.m in Sources */,
				042CE0ED1CFC1DD0009884A5 /* ShowPersonnalBBSCell.m in Sources */,
				041F2DA41D011738007CFE79 /* ShowSegModel.m in Sources */,
				04E6C3141C895DC300A92300 /* JSVisualAttentionModel.m in Sources */,
				04B0FF281C841DEE0020D1A5 /* FirstViewController.m in Sources */,
				041FB97B1C86825A00F35659 /* JSLanguageAttentionTests.m in Sources */,
				040730E71C9118D300534773 /* JSKeyBoardView.m in Sources */,
				0404E3241CF424D3003DE794 /* DetailBBSController.m in Sources */,
				04CE681B1CEAC6B000D922A5 /* ModuleCell.m in Sources */,
				041F2DB01D0136BA007CFE79 /* addSUGController.m in Sources */,
				04D0959A1CE418AE00DD4011 /* newsDtailCell.m in Sources */,
				0425DC931CC8C2FF00D022E3 /* showLevelCell.m in Sources */,
				04011D4B1CCDB03B00C4F6D4 /* loginViewController.m in Sources */,
				04B0FF171C841C720020D1A5 /* UIBarButtonItem+Extension.m in Sources */,
				0480E82D1CFFDAB4007304F8 /* JSNewVisionViewControler.m in Sources */,
				048D57611CF434C0009A16BB /* answerModel.m in Sources */,
				04B0FF3D1C8420610020D1A5 /* JSPresentBut.m in Sources */,
				0413BCC31CEEF3760071A105 /* BBSInfoListCell.m in Sources */,
				04864B7A1C96B8D00035DAB1 /* StroopTests.m in Sources */,
				04011D4E1CCDEC9000C4F6D4 /* UIImage+Render.m in Sources */,
				04B0FF391C8420610020D1A5 /* animationFlashLabel.m in Sources */,
				043FD7141CF5962700B48DFC /* addCommentController.m in Sources */,
				043885611C9027E200E1A3E9 /* SymbolDigitsModel.m in Sources */,
				041F2DA81D011E4B007CFE79 /* ShowSegCell.m in Sources */,
				041F2DB31D0154DB007CFE79 /* testBaseView.m in Sources */,
				04CE682D1CEB020400D922A5 /* questionModel.m in Sources */,
				0413BCC01CEEED200071A105 /* JSBbsInfoModel.m in Sources */,
				041F2DAD1D012DEA007CFE79 /* NSString+Bounding.m in Sources */,
				04B0FF3B1C8420610020D1A5 /* JSLoading.m in Sources */,
				0480E8331D000266007304F8 /* JSUserManager.m in Sources */,
				04A5DD0D1C90075E00D31DB9 /* DiamandsView.m in Sources */,
				0456BBF01CE9649D005A22AE /* JSComentModel.m in Sources */,
				04B0FF3C1C8420610020D1A5 /* JSLoadLayer.m in Sources */,
				0480E8361D001224007304F8 /* TheRerunSgViewContoller.m in Sources */,
				0480E82A1CFFD398007304F8 /* AppDelegate+NewVision.m in Sources */,
				04A5DD081C8FF85800D31DB9 /* SymbolDigitCodingTests.m in Sources */,
				04E6C3111C89552800A92300 /* JSTabBarController.m in Sources */,
				04107E191CFE8016008A33D0 /* JSRefreshTableViewController.m in Sources */,
				0423B6A31CE309510018E753 /* MBProgressHUD+MJ.m in Sources */,
				04CE68271CEAE71A00D922A5 /* TestRoomController.m in Sources */,
				042CE0E71CFC18F7009884A5 /* ShowPersonalBBSViewController.m in Sources */,
				043FD7111CF5927600B48DFC /* sendBBSController.m in Sources */,
				0485BAE41CA50B740012CECD /* ShiftingAttentionModel.m in Sources */,
				04B0FF151C841C720020D1A5 /* NSDate+Extension.m in Sources */,
				04011D6C1CCDF13A00C4F6D4 /* MainPageViewController.m in Sources */,
				0475605E1CC7504F00CFD065 /* INetworking.m in Sources */,
				04D095971CE4131200DD4011 /* newsDetailController.m in Sources */,
				040849181CF2EE41009C2BCA /* pageViewsController.m in Sources */,
				041DA7971CBF710500626349 /* JSTestsList.m in Sources */,
				04060D8B1CF80C9400760301 /* settingViewController.m in Sources */,
				04CE68161CEAB04300D922A5 /* buttonView.m in Sources */,
				042CE0F01CFC2B4B009884A5 /* searchPersonBBsModel.m in Sources */,
				0425DC901CC8A63300D022E3 /* normalShowLevelController.m in Sources */,
				04011D6F1CCDF59200C4F6D4 /* animationScroll.m in Sources */,
				047041F61CEC545900B37331 /* showLevelController.m in Sources */,
				04A70C661CEDAB6900B077D7 /* profileViewController.m in Sources */,
				04A5DD051C8FF64800D31DB9 /* JSFgClickModel.m in Sources */,
				04CE68331CEB0F4700D922A5 /* starView.m in Sources */,
				04D0959D1CE4194400DD4011 /* commentCell.m in Sources */,
				04B0FF3E1C8420610020D1A5 /* JSWriteAnimationView.m in Sources */,
				0423B6AA1CE30E8E0018E753 /* JSNewsModel.m in Sources */,
				040F2C4E1C99588D00C5A929 /* StroopModel.m in Sources */,
				048D57671CF44616009A16BB /* detailBBSmodel.m in Sources */,
				041F2DB91D016F0B007CFE79 /* AppDelegate+lunchAnimation.m in Sources */,
				04A273C71C882D4600B9FAE1 /* JSVisualAttentionTests.m in Sources */,
				0423B6A51CE309510018E753 /* MBProgressHUD.m in Sources */,
				04CE68301CEB0B1800D922A5 /* questionTypeCell.m in Sources */,
				0423B6AD1CE31AF10018E753 /* NewsCell.m in Sources */,
				04E3291E1C86D60600843D08 /* JSLanguageAttentionModel.m in Sources */,
				04107E2A1CFECB6A008A33D0 /* JSBBSBasicVC.m in Sources */,
				04CE681E1CEAC76900D922A5 /* ModuleChooseController.m in Sources */,
				04B0FF181C841C720020D1A5 /* UIButton+Extension.m in Sources */,
				04B0FF161C841C720020D1A5 /* timerTool.m in Sources */,
				04CE68211CEADEE100D922A5 /* UITableViewController+Extension.m in Sources */,
				045D9AD61CE4242800AE46E9 /* JSNewsFrameModel.m in Sources */,
				047D08A01C8D69DA0092EAE4 /* JSFgClickTests.m in Sources */,
				0485BAE11CA50B620012CECD /* ShiftingAttentionTests.m in Sources */,
				04B0FECE1C8419540020D1A5 /* main.m in Sources */,
				04B0FF1A1C841C720020D1A5 /* UIView+Animated.m in Sources */,
				04A70C631CEDAB5500B077D7 /* BBSControllerView.m in Sources */,
				0456BBF51CE99056005A22AE /* inputCommentView.m in Sources */,
				04B0FF1B1C841C720020D1A5 /* UIView+Frame.m in Sources */,
				0413BCBD1CEEA9550071A105 /* tableHeaderButtonView.m in Sources */,
				0423B6A71CE309510018E753 /* ZYQAssetPickerController.m in Sources */,
				048D57641CF4409A009A16BB /* detailInfoCell.m in Sources */,
				04B0FF3A1C8420610020D1A5 /* eyeView.m in Sources */,
				0438855E1C90251E00E1A3E9 /* SymbolAndDigit.m in Sources */,
				04CC90C91CAD02E2003D095C /* ContinuousPerformanceTests.m in Sources */,
				041F2DB61D016E56007CFE79 /* lunchViewController.m in Sources */,
				04CE68101CEAAEA300D922A5 /* testPViewController.m in Sources */,
				047041F31CEC4D2B00B37331 /* showLevelModel.m in Sources */,
			);
			runOnlyForDeploymentPostprocessing = 0;
		};
		04B0FEDE1C8419540020D1A5 /* Sources */ = {
			isa = PBXSourcesBuildPhase;
			buildActionMask = 2147483647;
			files = (
				04B0FEE71C8419540020D1A5 /* CNSTests.m in Sources */,
			);
			runOnlyForDeploymentPostprocessing = 0;
		};
		04B0FEE91C8419540020D1A5 /* Sources */ = {
			isa = PBXSourcesBuildPhase;
			buildActionMask = 2147483647;
			files = (
				04B0FEF21C8419540020D1A5 /* CNSUITests.m in Sources */,
			);
			runOnlyForDeploymentPostprocessing = 0;
		};
/* End PBXSourcesBuildPhase section */

/* Begin PBXTargetDependency section */
		04B0FEE41C8419540020D1A5 /* PBXTargetDependency */ = {
			isa = PBXTargetDependency;
			target = 04B0FEC81C8419540020D1A5 /* CNS */;
			targetProxy = 04B0FEE31C8419540020D1A5 /* PBXContainerItemProxy */;
		};
		04B0FEEF1C8419540020D1A5 /* PBXTargetDependency */ = {
			isa = PBXTargetDependency;
			target = 04B0FEC81C8419540020D1A5 /* CNS */;
			targetProxy = 04B0FEEE1C8419540020D1A5 /* PBXContainerItemProxy */;
		};
/* End PBXTargetDependency section */

/* Begin PBXVariantGroup section */
		04B0FEDA1C8419540020D1A5 /* LaunchScreen.storyboard */ = {
			isa = PBXVariantGroup;
			children = (
				04B0FEDB1C8419540020D1A5 /* Base */,
			);
			name = LaunchScreen.storyboard;
			sourceTree = "<group>";
		};
/* End PBXVariantGroup section */

/* Begin XCBuildConfiguration section */
		04B0FEF41C8419540020D1A5 /* Debug */ = {
			isa = XCBuildConfiguration;
			buildSettings = {
				ALWAYS_SEARCH_USER_PATHS = NO;
				CLANG_CXX_LANGUAGE_STANDARD = "gnu++0x";
				CLANG_CXX_LIBRARY = "libc++";
				CLANG_ENABLE_MODULES = YES;
				CLANG_ENABLE_OBJC_ARC = YES;
				CLANG_WARN_BOOL_CONVERSION = YES;
				CLANG_WARN_CONSTANT_CONVERSION = YES;
				CLANG_WARN_DIRECT_OBJC_ISA_USAGE = YES_ERROR;
				CLANG_WARN_EMPTY_BODY = YES;
				CLANG_WARN_ENUM_CONVERSION = YES;
				CLANG_WARN_INT_CONVERSION = YES;
				CLANG_WARN_OBJC_ROOT_CLASS = YES_ERROR;
				CLANG_WARN_UNREACHABLE_CODE = YES;
				CLANG_WARN__DUPLICATE_METHOD_MATCH = YES;
				"CODE_SIGN_IDENTITY[sdk=iphoneos*]" = "iPhone Developer";
				COPY_PHASE_STRIP = NO;
				DEBUG_INFORMATION_FORMAT = dwarf;
				ENABLE_STRICT_OBJC_MSGSEND = YES;
				ENABLE_TESTABILITY = YES;
				GCC_C_LANGUAGE_STANDARD = gnu99;
				GCC_DYNAMIC_NO_PIC = NO;
				GCC_NO_COMMON_BLOCKS = YES;
				GCC_OPTIMIZATION_LEVEL = 0;
				GCC_PREPROCESSOR_DEFINITIONS = (
					"DEBUG=1",
					"$(inherited)",
				);
				GCC_WARN_64_TO_32_BIT_CONVERSION = YES;
				GCC_WARN_ABOUT_RETURN_TYPE = YES_ERROR;
				GCC_WARN_UNDECLARED_SELECTOR = YES;
				GCC_WARN_UNINITIALIZED_AUTOS = YES_AGGRESSIVE;
				GCC_WARN_UNUSED_FUNCTION = YES;
				GCC_WARN_UNUSED_VARIABLE = YES;
				IPHONEOS_DEPLOYMENT_TARGET = 9.2;
				MTL_ENABLE_DEBUG_INFO = YES;
				ONLY_ACTIVE_ARCH = YES;
				SDKROOT = iphoneos;
				TARGETED_DEVICE_FAMILY = "1,2";
			};
			name = Debug;
		};
		04B0FEF51C8419540020D1A5 /* Release */ = {
			isa = XCBuildConfiguration;
			buildSettings = {
				ALWAYS_SEARCH_USER_PATHS = NO;
				CLANG_CXX_LANGUAGE_STANDARD = "gnu++0x";
				CLANG_CXX_LIBRARY = "libc++";
				CLANG_ENABLE_MODULES = YES;
				CLANG_ENABLE_OBJC_ARC = YES;
				CLANG_WARN_BOOL_CONVERSION = YES;
				CLANG_WARN_CONSTANT_CONVERSION = YES;
				CLANG_WARN_DIRECT_OBJC_ISA_USAGE = YES_ERROR;
				CLANG_WARN_EMPTY_BODY = YES;
				CLANG_WARN_ENUM_CONVERSION = YES;
				CLANG_WARN_INT_CONVERSION = YES;
				CLANG_WARN_OBJC_ROOT_CLASS = YES_ERROR;
				CLANG_WARN_UNREACHABLE_CODE = YES;
				CLANG_WARN__DUPLICATE_METHOD_MATCH = YES;
				"CODE_SIGN_IDENTITY[sdk=iphoneos*]" = "iPhone Developer";
				COPY_PHASE_STRIP = NO;
				DEBUG_INFORMATION_FORMAT = "dwarf-with-dsym";
				ENABLE_NS_ASSERTIONS = NO;
				ENABLE_STRICT_OBJC_MSGSEND = YES;
				GCC_C_LANGUAGE_STANDARD = gnu99;
				GCC_NO_COMMON_BLOCKS = YES;
				GCC_WARN_64_TO_32_BIT_CONVERSION = YES;
				GCC_WARN_ABOUT_RETURN_TYPE = YES_ERROR;
				GCC_WARN_UNDECLARED_SELECTOR = YES;
				GCC_WARN_UNINITIALIZED_AUTOS = YES_AGGRESSIVE;
				GCC_WARN_UNUSED_FUNCTION = YES;
				GCC_WARN_UNUSED_VARIABLE = YES;
				IPHONEOS_DEPLOYMENT_TARGET = 9.2;
				MTL_ENABLE_DEBUG_INFO = NO;
				SDKROOT = iphoneos;
				TARGETED_DEVICE_FAMILY = "1,2";
				VALIDATE_PRODUCT = YES;
			};
			name = Release;
		};
		04B0FEF71C8419540020D1A5 /* Debug */ = {
			isa = XCBuildConfiguration;
			baseConfigurationReference = AB0FA04B649CDDFFBFEE87B6 /* Pods.debug.xcconfig */;
			buildSettings = {
				ASSETCATALOG_COMPILER_APPICON_NAME = AppIcon;
				CODE_SIGN_IDENTITY = "iPhone Developer";
				"CODE_SIGN_IDENTITY[sdk=iphoneos*]" = "iPhone Developer";
				GCC_PRECOMPILE_PREFIX_HEADER = YES;
				GCC_PREFIX_HEADER = "$(SRCROOT)/CNS/prefix/PrefixHeader.pch";
				INFOPLIST_FILE = CNS/Info.plist;
				IPHONEOS_DEPLOYMENT_TARGET = 9.0;
				LD_RUNPATH_SEARCH_PATHS = "$(inherited) @executable_path/Frameworks";
				PRODUCT_BUNDLE_IDENTIFIER = com.TALEGENES.JS.CNS;
				PRODUCT_NAME = "$(TARGET_NAME)";
				PROVISIONING_PROFILE = "";
			};
			name = Debug;
		};
		04B0FEF81C8419540020D1A5 /* Release */ = {
			isa = XCBuildConfiguration;
			baseConfigurationReference = 71E70B531ECE1EECF5159E97 /* Pods.release.xcconfig */;
			buildSettings = {
				ASSETCATALOG_COMPILER_APPICON_NAME = AppIcon;
				CODE_SIGN_IDENTITY = "iPhone Developer";
				"CODE_SIGN_IDENTITY[sdk=iphoneos*]" = "iPhone Developer";
				GCC_PRECOMPILE_PREFIX_HEADER = YES;
				GCC_PREFIX_HEADER = "$(SRCROOT)/CNS/prefix/PrefixHeader.pch";
				INFOPLIST_FILE = CNS/Info.plist;
				IPHONEOS_DEPLOYMENT_TARGET = 9.0;
				LD_RUNPATH_SEARCH_PATHS = "$(inherited) @executable_path/Frameworks";
				PRODUCT_BUNDLE_IDENTIFIER = com.TALEGENES.JS.CNS;
				PRODUCT_NAME = "$(TARGET_NAME)";
				PROVISIONING_PROFILE = "";
			};
			name = Release;
		};
		04B0FEFA1C8419540020D1A5 /* Debug */ = {
			isa = XCBuildConfiguration;
			buildSettings = {
				BUNDLE_LOADER = "$(TEST_HOST)";
				INFOPLIST_FILE = CNSTests/Info.plist;
				LD_RUNPATH_SEARCH_PATHS = "$(inherited) @executable_path/Frameworks @loader_path/Frameworks";
				PRODUCT_BUNDLE_IDENTIFIER = com.TALEGENES.JS.CNSTests;
				PRODUCT_NAME = "$(TARGET_NAME)";
				TEST_HOST = "$(BUILT_PRODUCTS_DIR)/CNS.app/CNS";
			};
			name = Debug;
		};
		04B0FEFB1C8419540020D1A5 /* Release */ = {
			isa = XCBuildConfiguration;
			buildSettings = {
				BUNDLE_LOADER = "$(TEST_HOST)";
				INFOPLIST_FILE = CNSTests/Info.plist;
				LD_RUNPATH_SEARCH_PATHS = "$(inherited) @executable_path/Frameworks @loader_path/Frameworks";
				PRODUCT_BUNDLE_IDENTIFIER = com.TALEGENES.JS.CNSTests;
				PRODUCT_NAME = "$(TARGET_NAME)";
				TEST_HOST = "$(BUILT_PRODUCTS_DIR)/CNS.app/CNS";
			};
			name = Release;
		};
		04B0FEFD1C8419540020D1A5 /* Debug */ = {
			isa = XCBuildConfiguration;
			buildSettings = {
				INFOPLIST_FILE = CNSUITests/Info.plist;
				LD_RUNPATH_SEARCH_PATHS = "$(inherited) @executable_path/Frameworks @loader_path/Frameworks";
				PRODUCT_BUNDLE_IDENTIFIER = com.TALEGENES.JS.CNSUITests;
				PRODUCT_NAME = "$(TARGET_NAME)";
				TEST_TARGET_NAME = CNS;
				USES_XCTRUNNER = YES;
			};
			name = Debug;
		};
		04B0FEFE1C8419540020D1A5 /* Release */ = {
			isa = XCBuildConfiguration;
			buildSettings = {
				INFOPLIST_FILE = CNSUITests/Info.plist;
				LD_RUNPATH_SEARCH_PATHS = "$(inherited) @executable_path/Frameworks @loader_path/Frameworks";
				PRODUCT_BUNDLE_IDENTIFIER = com.TALEGENES.JS.CNSUITests;
				PRODUCT_NAME = "$(TARGET_NAME)";
				TEST_TARGET_NAME = CNS;
				USES_XCTRUNNER = YES;
			};
			name = Release;
		};
/* End XCBuildConfiguration section */

/* Begin XCConfigurationList section */
		04B0FEC41C8419540020D1A5 /* Build configuration list for PBXProject "CNS" */ = {
			isa = XCConfigurationList;
			buildConfigurations = (
				04B0FEF41C8419540020D1A5 /* Debug */,
				04B0FEF51C8419540020D1A5 /* Release */,
			);
			defaultConfigurationIsVisible = 0;
			defaultConfigurationName = Release;
		};
		04B0FEF61C8419540020D1A5 /* Build configuration list for PBXNativeTarget "CNS" */ = {
			isa = XCConfigurationList;
			buildConfigurations = (
				04B0FEF71C8419540020D1A5 /* Debug */,
				04B0FEF81C8419540020D1A5 /* Release */,
			);
			defaultConfigurationIsVisible = 0;
			defaultConfigurationName = Release;
		};
		04B0FEF91C8419540020D1A5 /* Build configuration list for PBXNativeTarget "CNSTests" */ = {
			isa = XCConfigurationList;
			buildConfigurations = (
				04B0FEFA1C8419540020D1A5 /* Debug */,
				04B0FEFB1C8419540020D1A5 /* Release */,
			);
			defaultConfigurationIsVisible = 0;
			defaultConfigurationName = Release;
		};
		04B0FEFC1C8419540020D1A5 /* Build configuration list for PBXNativeTarget "CNSUITests" */ = {
			isa = XCConfigurationList;
			buildConfigurations = (
				04B0FEFD1C8419540020D1A5 /* Debug */,
				04B0FEFE1C8419540020D1A5 /* Release */,
			);
			defaultConfigurationIsVisible = 0;
			defaultConfigurationName = Release;
		};
/* End XCConfigurationList section */
	};
	rootObject = 04B0FEC11C8419540020D1A5 /* Project object */;
}
