// !$*UTF8*$!
{
	archiveVersion = 1;
	classes = {
	};
	objectVersion = 46;
	objects = {

/* Begin PBXBuildFile section */
		040730E71C9118D300534773 /* JSKeyBoardView.m in Sources */ = {isa = PBXBuildFile; fileRef = 040730E61C9118D300534773 /* JSKeyBoardView.m */; };
		040730E91C91376C00534773 /* Podfile.lock in Resources */ = {isa = PBXBuildFile; fileRef = 040730E81C91376B00534773 /* Podfile.lock */; };
		040F2C4E1C99588D00C5A929 /* StroopModel.m in Sources */ = {isa = PBXBuildFile; fileRef = 040F2C4D1C99588D00C5A929 /* StroopModel.m */; };
		041FB97B1C86825A00F35659 /* JSLanguageAttentionTests.m in Sources */ = {isa = PBXBuildFile; fileRef = 041FB97A1C86825A00F35659 /* JSLanguageAttentionTests.m */; };
		0438855B1C90237300E1A3E9 /* diamondsXib.xib in Resources */ = {isa = PBXBuildFile; fileRef = 0438855A1C90237300E1A3E9 /* diamondsXib.xib */; };
		0438855E1C90251E00E1A3E9 /* SymbolAndDigit.m in Sources */ = {isa = PBXBuildFile; fileRef = 0438855D1C90251E00E1A3E9 /* SymbolAndDigit.m */; };
		043885611C9027E200E1A3E9 /* SymbolDigitsModel.m in Sources */ = {isa = PBXBuildFile; fileRef = 043885601C9027E200E1A3E9 /* SymbolDigitsModel.m */; };
		047D08A01C8D69DA0092EAE4 /* JSFgClickTests.m in Sources */ = {isa = PBXBuildFile; fileRef = 047D089F1C8D69DA0092EAE4 /* JSFgClickTests.m */; };
		0485BAE11CA50B620012CECD /* ShiftingAttentionTests.m in Sources */ = {isa = PBXBuildFile; fileRef = 0485BAE01CA50B620012CECD /* ShiftingAttentionTests.m */; };
		0485BAE41CA50B740012CECD /* ShiftingAttentionModel.m in Sources */ = {isa = PBXBuildFile; fileRef = 0485BAE31CA50B740012CECD /* ShiftingAttentionModel.m */; };
		04864B7A1C96B8D00035DAB1 /* StroopTests.m in Sources */ = {isa = PBXBuildFile; fileRef = 04864B791C96B8D00035DAB1 /* StroopTests.m */; };
		04A273C71C882D4600B9FAE1 /* JSVisualAttentionTests.m in Sources */ = {isa = PBXBuildFile; fileRef = 04A273C61C882D4600B9FAE1 /* JSVisualAttentionTests.m */; };
		04A5DD051C8FF64800D31DB9 /* JSFgClickModel.m in Sources */ = {isa = PBXBuildFile; fileRef = 04A5DD041C8FF64800D31DB9 /* JSFgClickModel.m */; };
		04A5DD081C8FF85800D31DB9 /* SymbolDigitCodingTests.m in Sources */ = {isa = PBXBuildFile; fileRef = 04A5DD071C8FF85800D31DB9 /* SymbolDigitCodingTests.m */; };
		04A5DD0D1C90075E00D31DB9 /* DiamandsView.m in Sources */ = {isa = PBXBuildFile; fileRef = 04A5DD0C1C90075E00D31DB9 /* DiamandsView.m */; };
		04B0FECE1C8419540020D1A5 /* main.m in Sources */ = {isa = PBXBuildFile; fileRef = 04B0FECD1C8419540020D1A5 /* main.m */; };
		04B0FED91C8419540020D1A5 /* Assets.xcassets in Resources */ = {isa = PBXBuildFile; fileRef = 04B0FED81C8419540020D1A5 /* Assets.xcassets */; };
		04B0FEDC1C8419540020D1A5 /* LaunchScreen.storyboard in Resources */ = {isa = PBXBuildFile; fileRef = 04B0FEDA1C8419540020D1A5 /* LaunchScreen.storyboard */; };
		04B0FEE71C8419540020D1A5 /* CNSTests.m in Sources */ = {isa = PBXBuildFile; fileRef = 04B0FEE61C8419540020D1A5 /* CNSTests.m */; };
		04B0FEF21C8419540020D1A5 /* CNSUITests.m in Sources */ = {isa = PBXBuildFile; fileRef = 04B0FEF11C8419540020D1A5 /* CNSUITests.m */; };
		04B0FF021C841B1D0020D1A5 /* Default-568h@2x.png in Resources */ = {isa = PBXBuildFile; fileRef = 04B0FF011C841B1D0020D1A5 /* Default-568h@2x.png */; };
		04B0FF151C841C720020D1A5 /* NSDate+Extension.m in Sources */ = {isa = PBXBuildFile; fileRef = 04B0FF081C841C720020D1A5 /* NSDate+Extension.m */; };
		04B0FF161C841C720020D1A5 /* timerTool.m in Sources */ = {isa = PBXBuildFile; fileRef = 04B0FF0A1C841C720020D1A5 /* timerTool.m */; };
		04B0FF171C841C720020D1A5 /* UIBarButtonItem+Extension.m in Sources */ = {isa = PBXBuildFile; fileRef = 04B0FF0C1C841C720020D1A5 /* UIBarButtonItem+Extension.m */; };
		04B0FF181C841C720020D1A5 /* UIButton+Extension.m in Sources */ = {isa = PBXBuildFile; fileRef = 04B0FF0E1C841C720020D1A5 /* UIButton+Extension.m */; };
		04B0FF191C841C720020D1A5 /* UIImage+Render.m in Sources */ = {isa = PBXBuildFile; fileRef = 04B0FF101C841C720020D1A5 /* UIImage+Render.m */; };
		04B0FF1A1C841C720020D1A5 /* UIView+Animated.m in Sources */ = {isa = PBXBuildFile; fileRef = 04B0FF121C841C720020D1A5 /* UIView+Animated.m */; };
		04B0FF1B1C841C720020D1A5 /* UIView+Frame.m in Sources */ = {isa = PBXBuildFile; fileRef = 04B0FF141C841C720020D1A5 /* UIView+Frame.m */; };
		04B0FF281C841DEE0020D1A5 /* FirstViewController.m in Sources */ = {isa = PBXBuildFile; fileRef = 04B0FF271C841DEE0020D1A5 /* FirstViewController.m */; };
		04B0FF391C8420610020D1A5 /* animationFlashLabel.m in Sources */ = {isa = PBXBuildFile; fileRef = 04B0FF2E1C8420610020D1A5 /* animationFlashLabel.m */; };
		04B0FF3A1C8420610020D1A5 /* eyeView.m in Sources */ = {isa = PBXBuildFile; fileRef = 04B0FF301C8420610020D1A5 /* eyeView.m */; };
		04B0FF3B1C8420610020D1A5 /* JSLoading.m in Sources */ = {isa = PBXBuildFile; fileRef = 04B0FF321C8420610020D1A5 /* JSLoading.m */; };
		04B0FF3C1C8420610020D1A5 /* JSLoadLayer.m in Sources */ = {isa = PBXBuildFile; fileRef = 04B0FF341C8420610020D1A5 /* JSLoadLayer.m */; };
		04B0FF3D1C8420610020D1A5 /* JSPresentBut.m in Sources */ = {isa = PBXBuildFile; fileRef = 04B0FF361C8420610020D1A5 /* JSPresentBut.m */; };
		04B0FF3E1C8420610020D1A5 /* JSWriteAnimationView.m in Sources */ = {isa = PBXBuildFile; fileRef = 04B0FF381C8420610020D1A5 /* JSWriteAnimationView.m */; };
		04CC90C91CAD02E2003D095C /* ContinuousPerformanceTests.m in Sources */ = {isa = PBXBuildFile; fileRef = 04CC90C81CAD02E2003D095C /* ContinuousPerformanceTests.m */; };
		04D8A9461CA3B0970016106D /* testViewController.m in Sources */ = {isa = PBXBuildFile; fileRef = 04F7C40A1C9A84AB000C3A16 /* testViewController.m */; };
		04E3291E1C86D60600843D08 /* JSLanguageAttentionModel.m in Sources */ = {isa = PBXBuildFile; fileRef = 04E3291D1C86D60600843D08 /* JSLanguageAttentionModel.m */; };
		04E6C3101C89552800A92300 /* AppDelegate.m in Sources */ = {isa = PBXBuildFile; fileRef = 04E6C30C1C89552800A92300 /* AppDelegate.m */; };
		04E6C3111C89552800A92300 /* JSTabBarController.m in Sources */ = {isa = PBXBuildFile; fileRef = 04E6C30E1C89552800A92300 /* JSTabBarController.m */; };
		04E6C3141C895DC300A92300 /* JSVisualAttentionModel.m in Sources */ = {isa = PBXBuildFile; fileRef = 04E6C3131C895DC300A92300 /* JSVisualAttentionModel.m */; };
		04E6C3161C89800100A92300 /* ImageName.plist in Resources */ = {isa = PBXBuildFile; fileRef = 04E6C3151C89800100A92300 /* ImageName.plist */; };
		95E97B8D9D3F02446DAEC54C /* libPods.a in Frameworks */ = {isa = PBXBuildFile; fileRef = 9EC3A7BDF7FF8EE799389403 /* libPods.a */; };
/* End PBXBuildFile section */

/* Begin PBXContainerItemProxy section */
		04B0FEE31C8419540020D1A5 /* PBXContainerItemProxy */ = {
			isa = PBXContainerItemProxy;
			containerPortal = 04B0FEC11C8419540020D1A5 /* Project object */;
			proxyType = 1;
			remoteGlobalIDString = 04B0FEC81C8419540020D1A5;
			remoteInfo = CNS;
		};
		04B0FEEE1C8419540020D1A5 /* PBXContainerItemProxy */ = {
			isa = PBXContainerItemProxy;
			containerPortal = 04B0FEC11C8419540020D1A5 /* Project object */;
			proxyType = 1;
			remoteGlobalIDString = 04B0FEC81C8419540020D1A5;
			remoteInfo = CNS;
		};
/* End PBXContainerItemProxy section */

/* Begin PBXFileReference section */
		040730E51C9118D300534773 /* JSKeyBoardView.h */ = {isa = PBXFileReference; fileEncoding = 4; lastKnownFileType = sourcecode.c.h; path = JSKeyBoardView.h; sourceTree = "<group>"; };
		040730E61C9118D300534773 /* JSKeyBoardView.m */ = {isa = PBXFileReference; fileEncoding = 4; lastKnownFileType = sourcecode.c.objc; path = JSKeyBoardView.m; sourceTree = "<group>"; };
		040730E81C91376B00534773 /* Podfile.lock */ = {isa = PBXFileReference; fileEncoding = 4; lastKnownFileType = text; path = Podfile.lock; sourceTree = "<group>"; };
		040F2C4C1C99588D00C5A929 /* StroopModel.h */ = {isa = PBXFileReference; fileEncoding = 4; lastKnownFileType = sourcecode.c.h; path = StroopModel.h; sourceTree = "<group>"; };
		040F2C4D1C99588D00C5A929 /* StroopModel.m */ = {isa = PBXFileReference; fileEncoding = 4; lastKnownFileType = sourcecode.c.objc; path = StroopModel.m; sourceTree = "<group>"; };
		041FB9791C86825A00F35659 /* JSLanguageAttentionTests.h */ = {isa = PBXFileReference; fileEncoding = 4; lastKnownFileType = sourcecode.c.h; path = JSLanguageAttentionTests.h; sourceTree = "<group>"; };
		041FB97A1C86825A00F35659 /* JSLanguageAttentionTests.m */ = {isa = PBXFileReference; fileEncoding = 4; lastKnownFileType = sourcecode.c.objc; path = JSLanguageAttentionTests.m; sourceTree = "<group>"; };
		0438855A1C90237300E1A3E9 /* diamondsXib.xib */ = {isa = PBXFileReference; fileEncoding = 4; lastKnownFileType = file.xib; path = diamondsXib.xib; sourceTree = "<group>"; };
		0438855C1C90251E00E1A3E9 /* SymbolAndDigit.h */ = {isa = PBXFileReference; fileEncoding = 4; lastKnownFileType = sourcecode.c.h; path = SymbolAndDigit.h; sourceTree = "<group>"; };
		0438855D1C90251E00E1A3E9 /* SymbolAndDigit.m */ = {isa = PBXFileReference; fileEncoding = 4; lastKnownFileType = sourcecode.c.objc; path = SymbolAndDigit.m; sourceTree = "<group>"; };
		0438855F1C9027E200E1A3E9 /* SymbolDigitsModel.h */ = {isa = PBXFileReference; fileEncoding = 4; lastKnownFileType = sourcecode.c.h; path = SymbolDigitsModel.h; sourceTree = "<group>"; };
		043885601C9027E200E1A3E9 /* SymbolDigitsModel.m */ = {isa = PBXFileReference; fileEncoding = 4; lastKnownFileType = sourcecode.c.objc; path = SymbolDigitsModel.m; sourceTree = "<group>"; };
		047D089E1C8D69DA0092EAE4 /* JSFgClickTests.h */ = {isa = PBXFileReference; fileEncoding = 4; lastKnownFileType = sourcecode.c.h; path = JSFgClickTests.h; sourceTree = "<group>"; };
		047D089F1C8D69DA0092EAE4 /* JSFgClickTests.m */ = {isa = PBXFileReference; fileEncoding = 4; lastKnownFileType = sourcecode.c.objc; path = JSFgClickTests.m; sourceTree = "<group>"; };
		0485BADF1CA50B620012CECD /* ShiftingAttentionTests.h */ = {isa = PBXFileReference; fileEncoding = 4; lastKnownFileType = sourcecode.c.h; name = ShiftingAttentionTests.h; path = "../../CPT-持续注意力测试/view/ShiftingAttentionTests.h"; sourceTree = "<group>"; };
		0485BAE01CA50B620012CECD /* ShiftingAttentionTests.m */ = {isa = PBXFileReference; fileEncoding = 4; lastKnownFileType = sourcecode.c.objc; name = ShiftingAttentionTests.m; path = "../../CPT-持续注意力测试/view/ShiftingAttentionTests.m"; sourceTree = "<group>"; };
		0485BAE21CA50B740012CECD /* ShiftingAttentionModel.h */ = {isa = PBXFileReference; fileEncoding = 4; lastKnownFileType = sourcecode.c.h; name = ShiftingAttentionModel.h; path = "../../CPT-持续注意力测试/model/ShiftingAttentionModel.h"; sourceTree = "<group>"; };
		0485BAE31CA50B740012CECD /* ShiftingAttentionModel.m */ = {isa = PBXFileReference; fileEncoding = 4; lastKnownFileType = sourcecode.c.objc; name = ShiftingAttentionModel.m; path = "../../CPT-持续注意力测试/model/ShiftingAttentionModel.m"; sourceTree = "<group>"; };
		04864B781C96B8D00035DAB1 /* StroopTests.h */ = {isa = PBXFileReference; fileEncoding = 4; lastKnownFileType = sourcecode.c.h; path = StroopTests.h; sourceTree = "<group>"; };
		04864B791C96B8D00035DAB1 /* StroopTests.m */ = {isa = PBXFileReference; fileEncoding = 4; lastKnownFileType = sourcecode.c.objc; path = StroopTests.m; sourceTree = "<group>"; };
		04A273C51C882D4600B9FAE1 /* JSVisualAttentionTests.h */ = {isa = PBXFileReference; fileEncoding = 4; lastKnownFileType = sourcecode.c.h; path = JSVisualAttentionTests.h; sourceTree = "<group>"; };
		04A273C61C882D4600B9FAE1 /* JSVisualAttentionTests.m */ = {isa = PBXFileReference; fileEncoding = 4; lastKnownFileType = sourcecode.c.objc; path = JSVisualAttentionTests.m; sourceTree = "<group>"; };
		04A5DD031C8FF64800D31DB9 /* JSFgClickModel.h */ = {isa = PBXFileReference; fileEncoding = 4; lastKnownFileType = sourcecode.c.h; path = JSFgClickModel.h; sourceTree = "<group>"; };
		04A5DD041C8FF64800D31DB9 /* JSFgClickModel.m */ = {isa = PBXFileReference; fileEncoding = 4; lastKnownFileType = sourcecode.c.objc; path = JSFgClickModel.m; sourceTree = "<group>"; };
		04A5DD061C8FF85800D31DB9 /* SymbolDigitCodingTests.h */ = {isa = PBXFileReference; fileEncoding = 4; lastKnownFileType = sourcecode.c.h; path = SymbolDigitCodingTests.h; sourceTree = "<group>"; };
		04A5DD071C8FF85800D31DB9 /* SymbolDigitCodingTests.m */ = {isa = PBXFileReference; fileEncoding = 4; lastKnownFileType = sourcecode.c.objc; path = SymbolDigitCodingTests.m; sourceTree = "<group>"; };
		04A5DD0B1C90075E00D31DB9 /* DiamandsView.h */ = {isa = PBXFileReference; fileEncoding = 4; lastKnownFileType = sourcecode.c.h; path = DiamandsView.h; sourceTree = "<group>"; };
		04A5DD0C1C90075E00D31DB9 /* DiamandsView.m */ = {isa = PBXFileReference; fileEncoding = 4; lastKnownFileType = sourcecode.c.objc; path = DiamandsView.m; sourceTree = "<group>"; };
		04B0FEC91C8419540020D1A5 /* CNS.app */ = {isa = PBXFileReference; explicitFileType = wrapper.application; includeInIndex = 0; path = CNS.app; sourceTree = BUILT_PRODUCTS_DIR; };
		04B0FECD1C8419540020D1A5 /* main.m */ = {isa = PBXFileReference; lastKnownFileType = sourcecode.c.objc; path = main.m; sourceTree = "<group>"; };
		04B0FED81C8419540020D1A5 /* Assets.xcassets */ = {isa = PBXFileReference; lastKnownFileType = folder.assetcatalog; path = Assets.xcassets; sourceTree = "<group>"; };
		04B0FEDB1C8419540020D1A5 /* Base */ = {isa = PBXFileReference; lastKnownFileType = file.storyboard; name = Base; path = Base.lproj/LaunchScreen.storyboard; sourceTree = "<group>"; };
		04B0FEDD1C8419540020D1A5 /* Info.plist */ = {isa = PBXFileReference; lastKnownFileType = text.plist.xml; path = Info.plist; sourceTree = "<group>"; };
		04B0FEE21C8419540020D1A5 /* CNSTests.xctest */ = {isa = PBXFileReference; explicitFileType = wrapper.cfbundle; includeInIndex = 0; path = CNSTests.xctest; sourceTree = BUILT_PRODUCTS_DIR; };
		04B0FEE61C8419540020D1A5 /* CNSTests.m */ = {isa = PBXFileReference; lastKnownFileType = sourcecode.c.objc; path = CNSTests.m; sourceTree = "<group>"; };
		04B0FEE81C8419540020D1A5 /* Info.plist */ = {isa = PBXFileReference; lastKnownFileType = text.plist.xml; path = Info.plist; sourceTree = "<group>"; };
		04B0FEED1C8419540020D1A5 /* CNSUITests.xctest */ = {isa = PBXFileReference; explicitFileType = wrapper.cfbundle; includeInIndex = 0; path = CNSUITests.xctest; sourceTree = BUILT_PRODUCTS_DIR; };
		04B0FEF11C8419540020D1A5 /* CNSUITests.m */ = {isa = PBXFileReference; lastKnownFileType = sourcecode.c.objc; path = CNSUITests.m; sourceTree = "<group>"; };
		04B0FEF31C8419540020D1A5 /* Info.plist */ = {isa = PBXFileReference; lastKnownFileType = text.plist.xml; path = Info.plist; sourceTree = "<group>"; };
		04B0FF011C841B1D0020D1A5 /* Default-568h@2x.png */ = {isa = PBXFileReference; lastKnownFileType = image.png; path = "Default-568h@2x.png"; sourceTree = "<group>"; };
		04B0FF071C841C720020D1A5 /* NSDate+Extension.h */ = {isa = PBXFileReference; fileEncoding = 4; lastKnownFileType = sourcecode.c.h; path = "NSDate+Extension.h"; sourceTree = "<group>"; };
		04B0FF081C841C720020D1A5 /* NSDate+Extension.m */ = {isa = PBXFileReference; fileEncoding = 4; lastKnownFileType = sourcecode.c.objc; path = "NSDate+Extension.m"; sourceTree = "<group>"; };
		04B0FF091C841C720020D1A5 /* timerTool.h */ = {isa = PBXFileReference; fileEncoding = 4; lastKnownFileType = sourcecode.c.h; path = timerTool.h; sourceTree = "<group>"; };
		04B0FF0A1C841C720020D1A5 /* timerTool.m */ = {isa = PBXFileReference; fileEncoding = 4; lastKnownFileType = sourcecode.c.objc; path = timerTool.m; sourceTree = "<group>"; };
		04B0FF0B1C841C720020D1A5 /* UIBarButtonItem+Extension.h */ = {isa = PBXFileReference; fileEncoding = 4; lastKnownFileType = sourcecode.c.h; path = "UIBarButtonItem+Extension.h"; sourceTree = "<group>"; };
		04B0FF0C1C841C720020D1A5 /* UIBarButtonItem+Extension.m */ = {isa = PBXFileReference; fileEncoding = 4; lastKnownFileType = sourcecode.c.objc; path = "UIBarButtonItem+Extension.m"; sourceTree = "<group>"; };
		04B0FF0D1C841C720020D1A5 /* UIButton+Extension.h */ = {isa = PBXFileReference; fileEncoding = 4; lastKnownFileType = sourcecode.c.h; path = "UIButton+Extension.h"; sourceTree = "<group>"; };
		04B0FF0E1C841C720020D1A5 /* UIButton+Extension.m */ = {isa = PBXFileReference; fileEncoding = 4; lastKnownFileType = sourcecode.c.objc; path = "UIButton+Extension.m"; sourceTree = "<group>"; };
		04B0FF0F1C841C720020D1A5 /* UIImage+Render.h */ = {isa = PBXFileReference; fileEncoding = 4; lastKnownFileType = sourcecode.c.h; path = "UIImage+Render.h"; sourceTree = "<group>"; };
		04B0FF101C841C720020D1A5 /* UIImage+Render.m */ = {isa = PBXFileReference; fileEncoding = 4; lastKnownFileType = sourcecode.c.objc; path = "UIImage+Render.m"; sourceTree = "<group>"; };
		04B0FF111C841C720020D1A5 /* UIView+Animated.h */ = {isa = PBXFileReference; fileEncoding = 4; lastKnownFileType = sourcecode.c.h; path = "UIView+Animated.h"; sourceTree = "<group>"; };
		04B0FF121C841C720020D1A5 /* UIView+Animated.m */ = {isa = PBXFileReference; fileEncoding = 4; lastKnownFileType = sourcecode.c.objc; path = "UIView+Animated.m"; sourceTree = "<group>"; };
		04B0FF131C841C720020D1A5 /* UIView+Frame.h */ = {isa = PBXFileReference; fileEncoding = 4; lastKnownFileType = sourcecode.c.h; path = "UIView+Frame.h"; sourceTree = "<group>"; };
		04B0FF141C841C720020D1A5 /* UIView+Frame.m */ = {isa = PBXFileReference; fileEncoding = 4; lastKnownFileType = sourcecode.c.objc; path = "UIView+Frame.m"; sourceTree = "<group>"; usesTabs = 0; };
		04B0FF261C841DEE0020D1A5 /* FirstViewController.h */ = {isa = PBXFileReference; fileEncoding = 4; lastKnownFileType = sourcecode.c.h; path = FirstViewController.h; sourceTree = "<group>"; };
		04B0FF271C841DEE0020D1A5 /* FirstViewController.m */ = {isa = PBXFileReference; fileEncoding = 4; lastKnownFileType = sourcecode.c.objc; path = FirstViewController.m; sourceTree = "<group>"; };
		04B0FF2D1C8420610020D1A5 /* animationFlashLabel.h */ = {isa = PBXFileReference; fileEncoding = 4; lastKnownFileType = sourcecode.c.h; path = animationFlashLabel.h; sourceTree = "<group>"; };
		04B0FF2E1C8420610020D1A5 /* animationFlashLabel.m */ = {isa = PBXFileReference; fileEncoding = 4; lastKnownFileType = sourcecode.c.objc; path = animationFlashLabel.m; sourceTree = "<group>"; };
		04B0FF2F1C8420610020D1A5 /* eyeView.h */ = {isa = PBXFileReference; fileEncoding = 4; lastKnownFileType = sourcecode.c.h; path = eyeView.h; sourceTree = "<group>"; };
		04B0FF301C8420610020D1A5 /* eyeView.m */ = {isa = PBXFileReference; fileEncoding = 4; lastKnownFileType = sourcecode.c.objc; path = eyeView.m; sourceTree = "<group>"; };
		04B0FF311C8420610020D1A5 /* JSLoading.h */ = {isa = PBXFileReference; fileEncoding = 4; lastKnownFileType = sourcecode.c.h; path = JSLoading.h; sourceTree = "<group>"; };
		04B0FF321C8420610020D1A5 /* JSLoading.m */ = {isa = PBXFileReference; fileEncoding = 4; lastKnownFileType = sourcecode.c.objc; path = JSLoading.m; sourceTree = "<group>"; };
		04B0FF331C8420610020D1A5 /* JSLoadLayer.h */ = {isa = PBXFileReference; fileEncoding = 4; lastKnownFileType = sourcecode.c.h; path = JSLoadLayer.h; sourceTree = "<group>"; };
		04B0FF341C8420610020D1A5 /* JSLoadLayer.m */ = {isa = PBXFileReference; fileEncoding = 4; lastKnownFileType = sourcecode.c.objc; path = JSLoadLayer.m; sourceTree = "<group>"; };
		04B0FF351C8420610020D1A5 /* JSPresentBut.h */ = {isa = PBXFileReference; fileEncoding = 4; lastKnownFileType = sourcecode.c.h; path = JSPresentBut.h; sourceTree = "<group>"; };
		04B0FF361C8420610020D1A5 /* JSPresentBut.m */ = {isa = PBXFileReference; fileEncoding = 4; lastKnownFileType = sourcecode.c.objc; path = JSPresentBut.m; sourceTree = "<group>"; };
		04B0FF371C8420610020D1A5 /* JSWriteAnimationView.h */ = {isa = PBXFileReference; fileEncoding = 4; lastKnownFileType = sourcecode.c.h; path = JSWriteAnimationView.h; sourceTree = "<group>"; };
		04B0FF381C8420610020D1A5 /* JSWriteAnimationView.m */ = {isa = PBXFileReference; fileEncoding = 4; lastKnownFileType = sourcecode.c.objc; path = JSWriteAnimationView.m; sourceTree = "<group>"; };
		04CC90C71CAD02E2003D095C /* ContinuousPerformanceTests.h */ = {isa = PBXFileReference; fileEncoding = 4; lastKnownFileType = sourcecode.c.h; path = ContinuousPerformanceTests.h; sourceTree = "<group>"; };
		04CC90C81CAD02E2003D095C /* ContinuousPerformanceTests.m */ = {isa = PBXFileReference; fileEncoding = 4; lastKnownFileType = sourcecode.c.objc; path = ContinuousPerformanceTests.m; sourceTree = "<group>"; };
		04E3291C1C86D60600843D08 /* JSLanguageAttentionModel.h */ = {isa = PBXFileReference; fileEncoding = 4; lastKnownFileType = sourcecode.c.h; path = JSLanguageAttentionModel.h; sourceTree = "<group>"; };
		04E3291D1C86D60600843D08 /* JSLanguageAttentionModel.m */ = {isa = PBXFileReference; fileEncoding = 4; lastKnownFileType = sourcecode.c.objc; path = JSLanguageAttentionModel.m; sourceTree = "<group>"; };
		04E6C30B1C89552800A92300 /* AppDelegate.h */ = {isa = PBXFileReference; fileEncoding = 4; lastKnownFileType = sourcecode.c.h; path = AppDelegate.h; sourceTree = "<group>"; };
		04E6C30C1C89552800A92300 /* AppDelegate.m */ = {isa = PBXFileReference; fileEncoding = 4; lastKnownFileType = sourcecode.c.objc; path = AppDelegate.m; sourceTree = "<group>"; };
		04E6C30D1C89552800A92300 /* JSTabBarController.h */ = {isa = PBXFileReference; fileEncoding = 4; lastKnownFileType = sourcecode.c.h; path = JSTabBarController.h; sourceTree = "<group>"; };
		04E6C30E1C89552800A92300 /* JSTabBarController.m */ = {isa = PBXFileReference; fileEncoding = 4; lastKnownFileType = sourcecode.c.objc; path = JSTabBarController.m; sourceTree = "<group>"; };
		04E6C30F1C89552800A92300 /* PrefixHeader.pch */ = {isa = PBXFileReference; fileEncoding = 4; lastKnownFileType = sourcecode.c.h; path = PrefixHeader.pch; sourceTree = "<group>"; };
		04E6C3121C895DC300A92300 /* JSVisualAttentionModel.h */ = {isa = PBXFileReference; fileEncoding = 4; lastKnownFileType = sourcecode.c.h; path = JSVisualAttentionModel.h; sourceTree = "<group>"; };
		04E6C3131C895DC300A92300 /* JSVisualAttentionModel.m */ = {isa = PBXFileReference; fileEncoding = 4; lastKnownFileType = sourcecode.c.objc; path = JSVisualAttentionModel.m; sourceTree = "<group>"; };
		04E6C3151C89800100A92300 /* ImageName.plist */ = {isa = PBXFileReference; fileEncoding = 4; lastKnownFileType = text.plist.xml; path = ImageName.plist; sourceTree = "<group>"; };
		04F7C4091C9A84AB000C3A16 /* testViewController.h */ = {isa = PBXFileReference; fileEncoding = 4; lastKnownFileType = sourcecode.c.h; path = testViewController.h; sourceTree = "<group>"; };
		04F7C40A1C9A84AB000C3A16 /* testViewController.m */ = {isa = PBXFileReference; fileEncoding = 4; lastKnownFileType = sourcecode.c.objc; path = testViewController.m; sourceTree = "<group>"; wrapsLines = 1; };
		71E70B531ECE1EECF5159E97 /* Pods.release.xcconfig */ = {isa = PBXFileReference; includeInIndex = 1; lastKnownFileType = text.xcconfig; name = Pods.release.xcconfig; path = "Pods/Target Support Files/Pods/Pods.release.xcconfig"; sourceTree = "<group>"; };
		9EC3A7BDF7FF8EE799389403 /* libPods.a */ = {isa = PBXFileReference; explicitFileType = archive.ar; includeInIndex = 0; path = libPods.a; sourceTree = BUILT_PRODUCTS_DIR; };
		AB0FA04B649CDDFFBFEE87B6 /* Pods.debug.xcconfig */ = {isa = PBXFileReference; includeInIndex = 1; lastKnownFileType = text.xcconfig; name = Pods.debug.xcconfig; path = "Pods/Target Support Files/Pods/Pods.debug.xcconfig"; sourceTree = "<group>"; };
/* End PBXFileReference section */

/* Begin PBXFrameworksBuildPhase section */
		04B0FEC61C8419540020D1A5 /* Frameworks */ = {
			isa = PBXFrameworksBuildPhase;
			buildActionMask = 2147483647;
			files = (
				95E97B8D9D3F02446DAEC54C /* libPods.a in Frameworks */,
			);
			runOnlyForDeploymentPostprocessing = 0;
		};
		04B0FEDF1C8419540020D1A5 /* Frameworks */ = {
			isa = PBXFrameworksBuildPhase;
			buildActionMask = 2147483647;
			files = (
			);
			runOnlyForDeploymentPostprocessing = 0;
		};
		04B0FEEA1C8419540020D1A5 /* Frameworks */ = {
			isa = PBXFrameworksBuildPhase;
			buildActionMask = 2147483647;
			files = (
			);
			runOnlyForDeploymentPostprocessing = 0;
		};
/* End PBXFrameworksBuildPhase section */

/* Begin PBXGroup section */
		041FB9641C86817800F35659 /* CPT-持续注意力测试 */ = {
			isa = PBXGroup;
			children = (
				041FB9651C86817800F35659 /* model */,
				041FB9661C86817800F35659 /* view */,
			);
			path = "CPT-持续注意力测试";
			sourceTree = "<group>";
		};
		041FB9651C86817800F35659 /* model */ = {
			isa = PBXGroup;
			children = (
			);
			path = model;
			sourceTree = "<group>";
		};
		041FB9661C86817800F35659 /* view */ = {
			isa = PBXGroup;
			children = (
				04CC90C71CAD02E2003D095C /* ContinuousPerformanceTests.h */,
				04CC90C81CAD02E2003D095C /* ContinuousPerformanceTests.m */,
			);
			path = view;
			sourceTree = "<group>";
		};
		041FB9671C86817800F35659 /* FTT 手指点击测试 */ = {
			isa = PBXGroup;
			children = (
				041FB9681C86817800F35659 /* model */,
				041FB9691C86817800F35659 /* view */,
			);
			path = "FTT 手指点击测试";
			sourceTree = "<group>";
		};
		041FB9681C86817800F35659 /* model */ = {
			isa = PBXGroup;
			children = (
				04A5DD031C8FF64800D31DB9 /* JSFgClickModel.h */,
				04A5DD041C8FF64800D31DB9 /* JSFgClickModel.m */,
			);
			path = model;
			sourceTree = "<group>";
		};
		041FB9691C86817800F35659 /* view */ = {
			isa = PBXGroup;
			children = (
				047D089E1C8D69DA0092EAE4 /* JSFgClickTests.h */,
				047D089F1C8D69DA0092EAE4 /* JSFgClickTests.m */,
			);
			path = view;
			sourceTree = "<group>";
		};
		041FB96A1C86817800F35659 /* SAT-注意力转移测试 */ = {
			isa = PBXGroup;
			children = (
				041FB96B1C86817800F35659 /* model */,
				041FB96C1C86817800F35659 /* view */,
			);
			path = "SAT-注意力转移测试";
			sourceTree = "<group>";
		};
		041FB96B1C86817800F35659 /* model */ = {
			isa = PBXGroup;
			children = (
				0485BAE21CA50B740012CECD /* ShiftingAttentionModel.h */,
				0485BAE31CA50B740012CECD /* ShiftingAttentionModel.m */,
			);
			path = model;
			sourceTree = "<group>";
		};
		041FB96C1C86817800F35659 /* view */ = {
			isa = PBXGroup;
			children = (
				0485BADF1CA50B620012CECD /* ShiftingAttentionTests.h */,
				0485BAE01CA50B620012CECD /* ShiftingAttentionTests.m */,
			);
			path = view;
			sourceTree = "<group>";
		};
		041FB96D1C86817800F35659 /* SDC-符号位数赋值 */ = {
			isa = PBXGroup;
			children = (
				041FB96E1C86817800F35659 /* model */,
				041FB96F1C86817800F35659 /* view */,
			);
			path = "SDC-符号位数赋值";
			sourceTree = "<group>";
		};
		041FB96E1C86817800F35659 /* model */ = {
			isa = PBXGroup;
			children = (
				0438855F1C9027E200E1A3E9 /* SymbolDigitsModel.h */,
				043885601C9027E200E1A3E9 /* SymbolDigitsModel.m */,
			);
			path = model;
			sourceTree = "<group>";
		};
		041FB96F1C86817800F35659 /* view */ = {
			isa = PBXGroup;
			children = (
				04A5DD061C8FF85800D31DB9 /* SymbolDigitCodingTests.h */,
				04A5DD071C8FF85800D31DB9 /* SymbolDigitCodingTests.m */,
				0438855A1C90237300E1A3E9 /* diamondsXib.xib */,
				04A5DD0B1C90075E00D31DB9 /* DiamandsView.h */,
				04A5DD0C1C90075E00D31DB9 /* DiamandsView.m */,
				0438855C1C90251E00E1A3E9 /* SymbolAndDigit.h */,
				0438855D1C90251E00E1A3E9 /* SymbolAndDigit.m */,
				040730E51C9118D300534773 /* JSKeyBoardView.h */,
				040730E61C9118D300534773 /* JSKeyBoardView.m */,
			);
			path = view;
			sourceTree = "<group>";
		};
		041FB9701C86817800F35659 /* ST-颜色反差测试 */ = {
			isa = PBXGroup;
			children = (
				041FB9711C86817800F35659 /* model */,
				041FB9721C86817800F35659 /* view */,
			);
			path = "ST-颜色反差测试";
			sourceTree = "<group>";
		};
		041FB9711C86817800F35659 /* model */ = {
			isa = PBXGroup;
			children = (
				040F2C4C1C99588D00C5A929 /* StroopModel.h */,
				040F2C4D1C99588D00C5A929 /* StroopModel.m */,
			);
			path = model;
			sourceTree = "<group>";
		};
		041FB9721C86817800F35659 /* view */ = {
			isa = PBXGroup;
			children = (
				04864B781C96B8D00035DAB1 /* StroopTests.h */,
				04864B791C96B8D00035DAB1 /* StroopTests.m */,
			);
			path = view;
			sourceTree = "<group>";
		};
		041FB9731C86817800F35659 /* VBM-语言注意力测试 */ = {
			isa = PBXGroup;
			children = (
				041FB9741C86817800F35659 /* model */,
				041FB9751C86817800F35659 /* view */,
			);
			path = "VBM-语言注意力测试";
			sourceTree = "<group>";
		};
		041FB9741C86817800F35659 /* model */ = {
			isa = PBXGroup;
			children = (
				04E3291C1C86D60600843D08 /* JSLanguageAttentionModel.h */,
				04E3291D1C86D60600843D08 /* JSLanguageAttentionModel.m */,
			);
			path = model;
			sourceTree = "<group>";
		};
		041FB9751C86817800F35659 /* view */ = {
			isa = PBXGroup;
			children = (
				041FB9791C86825A00F35659 /* JSLanguageAttentionTests.h */,
				041FB97A1C86825A00F35659 /* JSLanguageAttentionTests.m */,
			);
			path = view;
			sourceTree = "<group>";
		};
		041FB9761C86817800F35659 /* VIM-视觉注意力测试 */ = {
			isa = PBXGroup;
			children = (
				041FB9771C86817800F35659 /* model */,
				041FB9781C86817800F35659 /* view */,
			);
			path = "VIM-视觉注意力测试";
			sourceTree = "<group>";
		};
		041FB9771C86817800F35659 /* model */ = {
			isa = PBXGroup;
			children = (
				04E6C3121C895DC300A92300 /* JSVisualAttentionModel.h */,
				04E6C3131C895DC300A92300 /* JSVisualAttentionModel.m */,
			);
			path = model;
			sourceTree = "<group>";
		};
		041FB9781C86817800F35659 /* view */ = {
			isa = PBXGroup;
			children = (
				04A273C51C882D4600B9FAE1 /* JSVisualAttentionTests.h */,
				04A273C61C882D4600B9FAE1 /* JSVisualAttentionTests.m */,
				04E6C3151C89800100A92300 /* ImageName.plist */,
			);
			path = view;
			sourceTree = "<group>";
		};
		04B0FEC01C8419540020D1A5 = {
			isa = PBXGroup;
			children = (
				040730E81C91376B00534773 /* Podfile.lock */,
				04B0FF011C841B1D0020D1A5 /* Default-568h@2x.png */,
				04B0FECB1C8419540020D1A5 /* CNS */,
				04B0FEE51C8419540020D1A5 /* CNSTests */,
				04B0FEF01C8419540020D1A5 /* CNSUITests */,
				04B0FECA1C8419540020D1A5 /* Products */,
				3070D422E67CA3E92889646B /* Pods */,
				FE08D0E2E0256AEF200D2706 /* Frameworks */,
			);
			sourceTree = "<group>";
		};
		04B0FECA1C8419540020D1A5 /* Products */ = {
			isa = PBXGroup;
			children = (
				04B0FEC91C8419540020D1A5 /* CNS.app */,
				04B0FEE21C8419540020D1A5 /* CNSTests.xctest */,
				04B0FEED1C8419540020D1A5 /* CNSUITests.xctest */,
			);
			name = Products;
			sourceTree = "<group>";
		};
		04B0FECB1C8419540020D1A5 /* CNS */ = {
			isa = PBXGroup;
			children = (
				04E6C30A1C89552800A92300 /* prefix */,
				04B0FF2C1C8420180020D1A5 /* viewCategory */,
				04B0FF061C841C720020D1A5 /* category */,
				04B0FF251C841DC20020D1A5 /* MainController */,
				041FB9731C86817800F35659 /* VBM-语言注意力测试 */,
				041FB9761C86817800F35659 /* VIM-视觉注意力测试 */,
				041FB9671C86817800F35659 /* FTT 手指点击测试 */,
				041FB96D1C86817800F35659 /* SDC-符号位数赋值 */,
				041FB9701C86817800F35659 /* ST-颜色反差测试 */,
				041FB96A1C86817800F35659 /* SAT-注意力转移测试 */,
				041FB9641C86817800F35659 /* CPT-持续注意力测试 */,
				04B0FED81C8419540020D1A5 /* Assets.xcassets */,
				04B0FEDA1C8419540020D1A5 /* LaunchScreen.storyboard */,
				04B0FEDD1C8419540020D1A5 /* Info.plist */,
				04B0FECC1C8419540020D1A5 /* Supporting Files */,
			);
			path = CNS;
			sourceTree = "<group>";
		};
		04B0FECC1C8419540020D1A5 /* Supporting Files */ = {
			isa = PBXGroup;
			children = (
				04B0FECD1C8419540020D1A5 /* main.m */,
			);
			name = "Supporting Files";
			sourceTree = "<group>";
		};
		04B0FEE51C8419540020D1A5 /* CNSTests */ = {
			isa = PBXGroup;
			children = (
				04B0FEE61C8419540020D1A5 /* CNSTests.m */,
				04B0FEE81C8419540020D1A5 /* Info.plist */,
			);
			path = CNSTests;
			sourceTree = "<group>";
		};
		04B0FEF01C8419540020D1A5 /* CNSUITests */ = {
			isa = PBXGroup;
			children = (
				04B0FEF11C8419540020D1A5 /* CNSUITests.m */,
				04B0FEF31C8419540020D1A5 /* Info.plist */,
			);
			path = CNSUITests;
			sourceTree = "<group>";
		};
		04B0FF061C841C720020D1A5 /* category */ = {
			isa = PBXGroup;
			children = (
				04B0FF071C841C720020D1A5 /* NSDate+Extension.h */,
				04B0FF081C841C720020D1A5 /* NSDate+Extension.m */,
				04B0FF091C841C720020D1A5 /* timerTool.h */,
				04B0FF0A1C841C720020D1A5 /* timerTool.m */,
				04B0FF0B1C841C720020D1A5 /* UIBarButtonItem+Extension.h */,
				04B0FF0C1C841C720020D1A5 /* UIBarButtonItem+Extension.m */,
				04B0FF0D1C841C720020D1A5 /* UIButton+Extension.h */,
				04B0FF0E1C841C720020D1A5 /* UIButton+Extension.m */,
				04B0FF0F1C841C720020D1A5 /* UIImage+Render.h */,
				04B0FF101C841C720020D1A5 /* UIImage+Render.m */,
				04B0FF111C841C720020D1A5 /* UIView+Animated.h */,
				04B0FF121C841C720020D1A5 /* UIView+Animated.m */,
				04B0FF131C841C720020D1A5 /* UIView+Frame.h */,
				04B0FF141C841C720020D1A5 /* UIView+Frame.m */,
			);
			path = category;
			sourceTree = "<group>";
		};
		04B0FF251C841DC20020D1A5 /* MainController */ = {
			isa = PBXGroup;
			children = (
				04B0FF261C841DEE0020D1A5 /* FirstViewController.h */,
				04B0FF271C841DEE0020D1A5 /* FirstViewController.m */,
				04F7C4091C9A84AB000C3A16 /* testViewController.h */,
				04F7C40A1C9A84AB000C3A16 /* testViewController.m */,
			);
			path = MainController;
			sourceTree = "<group>";
		};
		04B0FF2C1C8420180020D1A5 /* viewCategory */ = {
			isa = PBXGroup;
			children = (
				04B0FF2D1C8420610020D1A5 /* animationFlashLabel.h */,
				04B0FF2E1C8420610020D1A5 /* animationFlashLabel.m */,
				04B0FF2F1C8420610020D1A5 /* eyeView.h */,
				04B0FF301C8420610020D1A5 /* eyeView.m */,
				04B0FF311C8420610020D1A5 /* JSLoading.h */,
				04B0FF321C8420610020D1A5 /* JSLoading.m */,
				04B0FF331C8420610020D1A5 /* JSLoadLayer.h */,
				04B0FF341C8420610020D1A5 /* JSLoadLayer.m */,
				04B0FF351C8420610020D1A5 /* JSPresentBut.h */,
				04B0FF361C8420610020D1A5 /* JSPresentBut.m */,
				04B0FF371C8420610020D1A5 /* JSWriteAnimationView.h */,
				04B0FF381C8420610020D1A5 /* JSWriteAnimationView.m */,
			);
			name = viewCategory;
			path = category;
			sourceTree = "<group>";
		};
		04E6C30A1C89552800A92300 /* prefix */ = {
			isa = PBXGroup;
			children = (
				04E6C30B1C89552800A92300 /* AppDelegate.h */,
				04E6C30C1C89552800A92300 /* AppDelegate.m */,
				04E6C30D1C89552800A92300 /* JSTabBarController.h */,
				04E6C30E1C89552800A92300 /* JSTabBarController.m */,
				04E6C30F1C89552800A92300 /* PrefixHeader.pch */,
			);
			path = prefix;
			sourceTree = "<group>";
		};
		3070D422E67CA3E92889646B /* Pods */ = {
			isa = PBXGroup;
			children = (
				AB0FA04B649CDDFFBFEE87B6 /* Pods.debug.xcconfig */,
				71E70B531ECE1EECF5159E97 /* Pods.release.xcconfig */,
			);
			name = Pods;
			sourceTree = "<group>";
		};
		FE08D0E2E0256AEF200D2706 /* Frameworks */ = {
			isa = PBXGroup;
			children = (
				9EC3A7BDF7FF8EE799389403 /* libPods.a */,
			);
			name = Frameworks;
			sourceTree = "<group>";
		};
/* End PBXGroup section */

/* Begin PBXNativeTarget section */
		04B0FEC81C8419540020D1A5 /* CNS */ = {
			isa = PBXNativeTarget;
			buildConfigurationList = 04B0FEF61C8419540020D1A5 /* Build configuration list for PBXNativeTarget "CNS" */;
			buildPhases = (
				ABC7A86AB2DF9B55DDA682D4 /* Check Pods Manifest.lock */,
				04B0FEC51C8419540020D1A5 /* Sources */,
				04B0FEC61C8419540020D1A5 /* Frameworks */,
				04B0FEC71C8419540020D1A5 /* Resources */,
				9BF7DCBD55B7D7BE56A2B99D /* Embed Pods Frameworks */,
				AF03F2E9D3633D199903BFAB /* Copy Pods Resources */,
			);
			buildRules = (
			);
			dependencies = (
			);
			name = CNS;
			productName = CNS;
			productReference = 04B0FEC91C8419540020D1A5 /* CNS.app */;
			productType = "com.apple.product-type.application";
		};
		04B0FEE11C8419540020D1A5 /* CNSTests */ = {
			isa = PBXNativeTarget;
			buildConfigurationList = 04B0FEF91C8419540020D1A5 /* Build configuration list for PBXNativeTarget "CNSTests" */;
			buildPhases = (
				04B0FEDE1C8419540020D1A5 /* Sources */,
				04B0FEDF1C8419540020D1A5 /* Frameworks */,
				04B0FEE01C8419540020D1A5 /* Resources */,
			);
			buildRules = (
			);
			dependencies = (
				04B0FEE41C8419540020D1A5 /* PBXTargetDependency */,
			);
			name = CNSTests;
			productName = CNSTests;
			productReference = 04B0FEE21C8419540020D1A5 /* CNSTests.xctest */;
			productType = "com.apple.product-type.bundle.unit-test";
		};
		04B0FEEC1C8419540020D1A5 /* CNSUITests */ = {
			isa = PBXNativeTarget;
			buildConfigurationList = 04B0FEFC1C8419540020D1A5 /* Build configuration list for PBXNativeTarget "CNSUITests" */;
			buildPhases = (
				04B0FEE91C8419540020D1A5 /* Sources */,
				04B0FEEA1C8419540020D1A5 /* Frameworks */,
				04B0FEEB1C8419540020D1A5 /* Resources */,
			);
			buildRules = (
			);
			dependencies = (
				04B0FEEF1C8419540020D1A5 /* PBXTargetDependency */,
			);
			name = CNSUITests;
			productName = CNSUITests;
			productReference = 04B0FEED1C8419540020D1A5 /* CNSUITests.xctest */;
			productType = "com.apple.product-type.bundle.ui-testing";
		};
/* End PBXNativeTarget section */

/* Begin PBXProject section */
		04B0FEC11C8419540020D1A5 /* Project object */ = {
			isa = PBXProject;
			attributes = {
				LastUpgradeCheck = 0720;
				ORGANIZATIONNAME = "竞思教育";
				TargetAttributes = {
					04B0FEC81C8419540020D1A5 = {
						CreatedOnToolsVersion = 7.2.1;
						DevelopmentTeam = 65XAATDZ9L;
					};
					04B0FEE11C8419540020D1A5 = {
						CreatedOnToolsVersion = 7.2.1;
						DevelopmentTeam = 65XAATDZ9L;
						TestTargetID = 04B0FEC81C8419540020D1A5;
					};
					04B0FEEC1C8419540020D1A5 = {
						CreatedOnToolsVersion = 7.2.1;
						DevelopmentTeam = 65XAATDZ9L;
						TestTargetID = 04B0FEC81C8419540020D1A5;
					};
				};
			};
			buildConfigurationList = 04B0FEC41C8419540020D1A5 /* Build configuration list for PBXProject "CNS" */;
			compatibilityVersion = "Xcode 3.2";
			developmentRegion = English;
			hasScannedForEncodings = 0;
			knownRegions = (
				en,
				Base,
			);
			mainGroup = 04B0FEC01C8419540020D1A5;
			productRefGroup = 04B0FECA1C8419540020D1A5 /* Products */;
			projectDirPath = "";
			projectRoot = "";
			targets = (
				04B0FEC81C8419540020D1A5 /* CNS */,
				04B0FEE11C8419540020D1A5 /* CNSTests */,
				04B0FEEC1C8419540020D1A5 /* CNSUITests */,
			);
		};
/* End PBXProject section */

/* Begin PBXResourcesBuildPhase section */
		04B0FEC71C8419540020D1A5 /* Resources */ = {
			isa = PBXResourcesBuildPhase;
			buildActionMask = 2147483647;
			files = (
				040730E91C91376C00534773 /* Podfile.lock in Resources */,
				04B0FEDC1C8419540020D1A5 /* LaunchScreen.storyboard in Resources */,
				0438855B1C90237300E1A3E9 /* diamondsXib.xib in Resources */,
				04E6C3161C89800100A92300 /* ImageName.plist in Resources */,
				04B0FED91C8419540020D1A5 /* Assets.xcassets in Resources */,
				04B0FF021C841B1D0020D1A5 /* Default-568h@2x.png in Resources */,
			);
			runOnlyForDeploymentPostprocessing = 0;
		};
		04B0FEE01C8419540020D1A5 /* Resources */ = {
			isa = PBXResourcesBuildPhase;
			buildActionMask = 2147483647;
			files = (
			);
			runOnlyForDeploymentPostprocessing = 0;
		};
		04B0FEEB1C8419540020D1A5 /* Resources */ = {
			isa = PBXResourcesBuildPhase;
			buildActionMask = 2147483647;
			files = (
			);
			runOnlyForDeploymentPostprocessing = 0;
		};
/* End PBXResourcesBuildPhase section */

/* Begin PBXShellScriptBuildPhase section */
		9BF7DCBD55B7D7BE56A2B99D /* Embed Pods Frameworks */ = {
			isa = PBXShellScriptBuildPhase;
			buildActionMask = 2147483647;
			files = (
			);
			inputPaths = (
			);
			name = "Embed Pods Frameworks";
			outputPaths = (
			);
			runOnlyForDeploymentPostprocessing = 0;
			shellPath = /bin/sh;
			shellScript = "\"${SRCROOT}/Pods/Target Support Files/Pods/Pods-frameworks.sh\"\n";
			showEnvVarsInLog = 0;
		};
		ABC7A86AB2DF9B55DDA682D4 /* Check Pods Manifest.lock */ = {
			isa = PBXShellScriptBuildPhase;
			buildActionMask = 2147483647;
			files = (
			);
			inputPaths = (
			);
			name = "Check Pods Manifest.lock";
			outputPaths = (
			);
			runOnlyForDeploymentPostprocessing = 0;
			shellPath = /bin/sh;
			shellScript = "diff \"${PODS_ROOT}/../Podfile.lock\" \"${PODS_ROOT}/Manifest.lock\" > /dev/null\nif [[ $? != 0 ]] ; then\n    cat << EOM\nerror: The sandbox is not in sync with the Podfile.lock. Run 'pod install' or update your CocoaPods installation.\nEOM\n    exit 1\nfi\n";
			showEnvVarsInLog = 0;
		};
		AF03F2E9D3633D199903BFAB /* Copy Pods Resources */ = {
			isa = PBXShellScriptBuildPhase;
			buildActionMask = 2147483647;
			files = (
			);
			inputPaths = (
			);
			name = "Copy Pods Resources";
			outputPaths = (
			);
			runOnlyForDeploymentPostprocessing = 0;
			shellPath = /bin/sh;
			shellScript = "\"${SRCROOT}/Pods/Target Support Files/Pods/Pods-resources.sh\"\n";
			showEnvVarsInLog = 0;
		};
/* End PBXShellScriptBuildPhase section */

/* Begin PBXSourcesBuildPhase section */
		04B0FEC51C8419540020D1A5 /* Sources */ = {
			isa = PBXSourcesBuildPhase;
			buildActionMask = 2147483647;
			files = (
				04E6C3101C89552800A92300 /* AppDelegate.m in Sources */,
				04E6C3141C895DC300A92300 /* JSVisualAttentionModel.m in Sources */,
				04B0FF281C841DEE0020D1A5 /* FirstViewController.m in Sources */,
				041FB97B1C86825A00F35659 /* JSLanguageAttentionTests.m in Sources */,
				040730E71C9118D300534773 /* JSKeyBoardView.m in Sources */,
				04B0FF171C841C720020D1A5 /* UIBarButtonItem+Extension.m in Sources */,
				04B0FF3D1C8420610020D1A5 /* JSPresentBut.m in Sources */,
				04864B7A1C96B8D00035DAB1 /* StroopTests.m in Sources */,
				04B0FF391C8420610020D1A5 /* animationFlashLabel.m in Sources */,
				043885611C9027E200E1A3E9 /* SymbolDigitsModel.m in Sources */,
				04B0FF3B1C8420610020D1A5 /* JSLoading.m in Sources */,
				04A5DD0D1C90075E00D31DB9 /* DiamandsView.m in Sources */,
				04B0FF3C1C8420610020D1A5 /* JSLoadLayer.m in Sources */,
				04A5DD081C8FF85800D31DB9 /* SymbolDigitCodingTests.m in Sources */,
				04E6C3111C89552800A92300 /* JSTabBarController.m in Sources */,
				0485BAE41CA50B740012CECD /* ShiftingAttentionModel.m in Sources */,
				04B0FF151C841C720020D1A5 /* NSDate+Extension.m in Sources */,
				04A5DD051C8FF64800D31DB9 /* JSFgClickModel.m in Sources */,
				04B0FF3E1C8420610020D1A5 /* JSWriteAnimationView.m in Sources */,
				040F2C4E1C99588D00C5A929 /* StroopModel.m in Sources */,
				04A273C71C882D4600B9FAE1 /* JSVisualAttentionTests.m in Sources */,
				04E3291E1C86D60600843D08 /* JSLanguageAttentionModel.m in Sources */,
				04B0FF181C841C720020D1A5 /* UIButton+Extension.m in Sources */,
				04B0FF161C841C720020D1A5 /* timerTool.m in Sources */,
				047D08A01C8D69DA0092EAE4 /* JSFgClickTests.m in Sources */,
				0485BAE11CA50B620012CECD /* ShiftingAttentionTests.m in Sources */,
				04B0FECE1C8419540020D1A5 /* main.m in Sources */,
				04B0FF1A1C841C720020D1A5 /* UIView+Animated.m in Sources */,
				04B0FF1B1C841C720020D1A5 /* UIView+Frame.m in Sources */,
				04D8A9461CA3B0970016106D /* testViewController.m in Sources */,
				04B0FF191C841C720020D1A5 /* UIImage+Render.m in Sources */,
				04B0FF3A1C8420610020D1A5 /* eyeView.m in Sources */,
				0438855E1C90251E00E1A3E9 /* SymbolAndDigit.m in Sources */,
				04CC90C91CAD02E2003D095C /* ContinuousPerformanceTests.m in Sources */,
			);
			runOnlyForDeploymentPostprocessing = 0;
		};
		04B0FEDE1C8419540020D1A5 /* Sources */ = {
			isa = PBXSourcesBuildPhase;
			buildActionMask = 2147483647;
			files = (
				04B0FEE71C8419540020D1A5 /* CNSTests.m in Sources */,
			);
			runOnlyForDeploymentPostprocessing = 0;
		};
		04B0FEE91C8419540020D1A5 /* Sources */ = {
			isa = PBXSourcesBuildPhase;
			buildActionMask = 2147483647;
			files = (
				04B0FEF21C8419540020D1A5 /* CNSUITests.m in Sources */,
			);
			runOnlyForDeploymentPostprocessing = 0;
		};
/* End PBXSourcesBuildPhase section */

/* Begin PBXTargetDependency section */
		04B0FEE41C8419540020D1A5 /* PBXTargetDependency */ = {
			isa = PBXTargetDependency;
			target = 04B0FEC81C8419540020D1A5 /* CNS */;
			targetProxy = 04B0FEE31C8419540020D1A5 /* PBXContainerItemProxy */;
		};
		04B0FEEF1C8419540020D1A5 /* PBXTargetDependency */ = {
			isa = PBXTargetDependency;
			target = 04B0FEC81C8419540020D1A5 /* CNS */;
			targetProxy = 04B0FEEE1C8419540020D1A5 /* PBXContainerItemProxy */;
		};
/* End PBXTargetDependency section */

/* Begin PBXVariantGroup section */
		04B0FEDA1C8419540020D1A5 /* LaunchScreen.storyboard */ = {
			isa = PBXVariantGroup;
			children = (
				04B0FEDB1C8419540020D1A5 /* Base */,
			);
			name = LaunchScreen.storyboard;
			sourceTree = "<group>";
		};
/* End PBXVariantGroup section */

/* Begin XCBuildConfiguration section */
		04B0FEF41C8419540020D1A5 /* Debug */ = {
			isa = XCBuildConfiguration;
			buildSettings = {
				ALWAYS_SEARCH_USER_PATHS = NO;
				CLANG_CXX_LANGUAGE_STANDARD = "gnu++0x";
				CLANG_CXX_LIBRARY = "libc++";
				CLANG_ENABLE_MODULES = YES;
				CLANG_ENABLE_OBJC_ARC = YES;
				CLANG_WARN_BOOL_CONVERSION = YES;
				CLANG_WARN_CONSTANT_CONVERSION = YES;
				CLANG_WARN_DIRECT_OBJC_ISA_USAGE = YES_ERROR;
				CLANG_WARN_EMPTY_BODY = YES;
				CLANG_WARN_ENUM_CONVERSION = YES;
				CLANG_WARN_INT_CONVERSION = YES;
				CLANG_WARN_OBJC_ROOT_CLASS = YES_ERROR;
				CLANG_WARN_UNREACHABLE_CODE = YES;
				CLANG_WARN__DUPLICATE_METHOD_MATCH = YES;
				"CODE_SIGN_IDENTITY[sdk=iphoneos*]" = "iPhone Developer";
				COPY_PHASE_STRIP = NO;
				DEBUG_INFORMATION_FORMAT = dwarf;
				ENABLE_STRICT_OBJC_MSGSEND = YES;
				ENABLE_TESTABILITY = YES;
				GCC_C_LANGUAGE_STANDARD = gnu99;
				GCC_DYNAMIC_NO_PIC = NO;
				GCC_NO_COMMON_BLOCKS = YES;
				GCC_OPTIMIZATION_LEVEL = 0;
				GCC_PREPROCESSOR_DEFINITIONS = (
					"DEBUG=1",
					"$(inherited)",
				);
				GCC_WARN_64_TO_32_BIT_CONVERSION = YES;
				GCC_WARN_ABOUT_RETURN_TYPE = YES_ERROR;
				GCC_WARN_UNDECLARED_SELECTOR = YES;
				GCC_WARN_UNINITIALIZED_AUTOS = YES_AGGRESSIVE;
				GCC_WARN_UNUSED_FUNCTION = YES;
				GCC_WARN_UNUSED_VARIABLE = YES;
				IPHONEOS_DEPLOYMENT_TARGET = 9.2;
				MTL_ENABLE_DEBUG_INFO = YES;
				ONLY_ACTIVE_ARCH = YES;
				SDKROOT = iphoneos;
				TARGETED_DEVICE_FAMILY = "1,2";
			};
			name = Debug;
		};
		04B0FEF51C8419540020D1A5 /* Release */ = {
			isa = XCBuildConfiguration;
			buildSettings = {
				ALWAYS_SEARCH_USER_PATHS = NO;
				CLANG_CXX_LANGUAGE_STANDARD = "gnu++0x";
				CLANG_CXX_LIBRARY = "libc++";
				CLANG_ENABLE_MODULES = YES;
				CLANG_ENABLE_OBJC_ARC = YES;
				CLANG_WARN_BOOL_CONVERSION = YES;
				CLANG_WARN_CONSTANT_CONVERSION = YES;
				CLANG_WARN_DIRECT_OBJC_ISA_USAGE = YES_ERROR;
				CLANG_WARN_EMPTY_BODY = YES;
				CLANG_WARN_ENUM_CONVERSION = YES;
				CLANG_WARN_INT_CONVERSION = YES;
				CLANG_WARN_OBJC_ROOT_CLASS = YES_ERROR;
				CLANG_WARN_UNREACHABLE_CODE = YES;
				CLANG_WARN__DUPLICATE_METHOD_MATCH = YES;
				"CODE_SIGN_IDENTITY[sdk=iphoneos*]" = "iPhone Developer";
				COPY_PHASE_STRIP = NO;
				DEBUG_INFORMATION_FORMAT = "dwarf-with-dsym";
				ENABLE_NS_ASSERTIONS = NO;
				ENABLE_STRICT_OBJC_MSGSEND = YES;
				GCC_C_LANGUAGE_STANDARD = gnu99;
				GCC_NO_COMMON_BLOCKS = YES;
				GCC_WARN_64_TO_32_BIT_CONVERSION = YES;
				GCC_WARN_ABOUT_RETURN_TYPE = YES_ERROR;
				GCC_WARN_UNDECLARED_SELECTOR = YES;
				GCC_WARN_UNINITIALIZED_AUTOS = YES_AGGRESSIVE;
				GCC_WARN_UNUSED_FUNCTION = YES;
				GCC_WARN_UNUSED_VARIABLE = YES;
				IPHONEOS_DEPLOYMENT_TARGET = 9.2;
				MTL_ENABLE_DEBUG_INFO = NO;
				SDKROOT = iphoneos;
				TARGETED_DEVICE_FAMILY = "1,2";
				VALIDATE_PRODUCT = YES;
			};
			name = Release;
		};
		04B0FEF71C8419540020D1A5 /* Debug */ = {
			isa = XCBuildConfiguration;
			baseConfigurationReference = AB0FA04B649CDDFFBFEE87B6 /* Pods.debug.xcconfig */;
			buildSettings = {
				ASSETCATALOG_COMPILER_APPICON_NAME = AppIcon;
				GCC_PRECOMPILE_PREFIX_HEADER = YES;
				GCC_PREFIX_HEADER = "$(SRCROOT)/CNS/prefix/PrefixHeader.pch";
				INFOPLIST_FILE = CNS/Info.plist;
				IPHONEOS_DEPLOYMENT_TARGET = 9.2;
				LD_RUNPATH_SEARCH_PATHS = "$(inherited) @executable_path/Frameworks";
				PRODUCT_BUNDLE_IDENTIFIER = com.TALEGENES.JS.CNS;
				PRODUCT_NAME = "$(TARGET_NAME)";
			};
			name = Debug;
		};
		04B0FEF81C8419540020D1A5 /* Release */ = {
			isa = XCBuildConfiguration;
			baseConfigurationReference = 71E70B531ECE1EECF5159E97 /* Pods.release.xcconfig */;
			buildSettings = {
				ASSETCATALOG_COMPILER_APPICON_NAME = AppIcon;
				GCC_PRECOMPILE_PREFIX_HEADER = YES;
				GCC_PREFIX_HEADER = "$(SRCROOT)/CNS/prefix/PrefixHeader.pch";
				INFOPLIST_FILE = CNS/Info.plist;
				IPHONEOS_DEPLOYMENT_TARGET = 9.2;
				LD_RUNPATH_SEARCH_PATHS = "$(inherited) @executable_path/Frameworks";
				PRODUCT_BUNDLE_IDENTIFIER = com.TALEGENES.JS.CNS;
				PRODUCT_NAME = "$(TARGET_NAME)";
			};
			name = Release;
		};
		04B0FEFA1C8419540020D1A5 /* Debug */ = {
			isa = XCBuildConfiguration;
			buildSettings = {
				BUNDLE_LOADER = "$(TEST_HOST)";
				INFOPLIST_FILE = CNSTests/Info.plist;
				LD_RUNPATH_SEARCH_PATHS = "$(inherited) @executable_path/Frameworks @loader_path/Frameworks";
				PRODUCT_BUNDLE_IDENTIFIER = com.TALEGENES.JS.CNSTests;
				PRODUCT_NAME = "$(TARGET_NAME)";
				TEST_HOST = "$(BUILT_PRODUCTS_DIR)/CNS.app/CNS";
			};
			name = Debug;
		};
		04B0FEFB1C8419540020D1A5 /* Release */ = {
			isa = XCBuildConfiguration;
			buildSettings = {
				BUNDLE_LOADER = "$(TEST_HOST)";
				INFOPLIST_FILE = CNSTests/Info.plist;
				LD_RUNPATH_SEARCH_PATHS = "$(inherited) @executable_path/Frameworks @loader_path/Frameworks";
				PRODUCT_BUNDLE_IDENTIFIER = com.TALEGENES.JS.CNSTests;
				PRODUCT_NAME = "$(TARGET_NAME)";
				TEST_HOST = "$(BUILT_PRODUCTS_DIR)/CNS.app/CNS";
			};
			name = Release;
		};
		04B0FEFD1C8419540020D1A5 /* Debug */ = {
			isa = XCBuildConfiguration;
			buildSettings = {
				INFOPLIST_FILE = CNSUITests/Info.plist;
				LD_RUNPATH_SEARCH_PATHS = "$(inherited) @executable_path/Frameworks @loader_path/Frameworks";
				PRODUCT_BUNDLE_IDENTIFIER = com.TALEGENES.JS.CNSUITests;
				PRODUCT_NAME = "$(TARGET_NAME)";
				TEST_TARGET_NAME = CNS;
				USES_XCTRUNNER = YES;
			};
			name = Debug;
		};
		04B0FEFE1C8419540020D1A5 /* Release */ = {
			isa = XCBuildConfiguration;
			buildSettings = {
				INFOPLIST_FILE = CNSUITests/Info.plist;
				LD_RUNPATH_SEARCH_PATHS = "$(inherited) @executable_path/Frameworks @loader_path/Frameworks";
				PRODUCT_BUNDLE_IDENTIFIER = com.TALEGENES.JS.CNSUITests;
				PRODUCT_NAME = "$(TARGET_NAME)";
				TEST_TARGET_NAME = CNS;
				USES_XCTRUNNER = YES;
			};
			name = Release;
		};
/* End XCBuildConfiguration section */

/* Begin XCConfigurationList section */
		04B0FEC41C8419540020D1A5 /* Build configuration list for PBXProject "CNS" */ = {
			isa = XCConfigurationList;
			buildConfigurations = (
				04B0FEF41C8419540020D1A5 /* Debug */,
				04B0FEF51C8419540020D1A5 /* Release */,
			);
			defaultConfigurationIsVisible = 0;
			defaultConfigurationName = Release;
		};
		04B0FEF61C8419540020D1A5 /* Build configuration list for PBXNativeTarget "CNS" */ = {
			isa = XCConfigurationList;
			buildConfigurations = (
				04B0FEF71C8419540020D1A5 /* Debug */,
				04B0FEF81C8419540020D1A5 /* Release */,
			);
			defaultConfigurationIsVisible = 0;
			defaultConfigurationName = Release;
		};
		04B0FEF91C8419540020D1A5 /* Build configuration list for PBXNativeTarget "CNSTests" */ = {
			isa = XCConfigurationList;
			buildConfigurations = (
				04B0FEFA1C8419540020D1A5 /* Debug */,
				04B0FEFB1C8419540020D1A5 /* Release */,
			);
			defaultConfigurationIsVisible = 0;
			defaultConfigurationName = Release;
		};
		04B0FEFC1C8419540020D1A5 /* Build configuration list for PBXNativeTarget "CNSUITests" */ = {
			isa = XCConfigurationList;
			buildConfigurations = (
				04B0FEFD1C8419540020D1A5 /* Debug */,
				04B0FEFE1C8419540020D1A5 /* Release */,
			);
			defaultConfigurationIsVisible = 0;
			defaultConfigurationName = Release;
		};
/* End XCConfigurationList section */
	};
	rootObject = 04B0FEC11C8419540020D1A5 /* Project object */;
}
